// !$*UTF8*$!
{
	archiveVersion = 1;
	classes = {
	};
	objectVersion = 51;
	objects = {

/* Begin PBXBuildFile section */
		3510488F24FE510600499DBE /* GoogleService-Info.plist in Resources */ = {isa = PBXBuildFile; fileRef = 3510488E24FE510600499DBE /* GoogleService-Info.plist */; };
		353042E825288E34001999E2 /* CurrentUser.swift in Sources */ = {isa = PBXBuildFile; fileRef = 353042E725288E34001999E2 /* CurrentUser.swift */; };
		3531267025221F9E00015E82 /* AuthProvider.swift in Sources */ = {isa = PBXBuildFile; fileRef = 3531266F25221F9E00015E82 /* AuthProvider.swift */; };
		3531C09A252F1DF70074E657 /* UploadPost.swift in Sources */ = {isa = PBXBuildFile; fileRef = 3531C099252F1DF70074E657 /* UploadPost.swift */; };
		35391A852527711000892681 /* UserModel.swift in Sources */ = {isa = PBXBuildFile; fileRef = 35391A842527711000892681 /* UserModel.swift */; };
		353A6803252366FB0097B72F /* SignupView.swift in Sources */ = {isa = PBXBuildFile; fileRef = 353A6802252366FB0097B72F /* SignupView.swift */; };
		353AFB4C2515F2220069F5D2 /* ProfileView.swift in Sources */ = {isa = PBXBuildFile; fileRef = 353AFB4B2515F2220069F5D2 /* ProfileView.swift */; };
		353AFB4E25174C9B0069F5D2 /* PostViewModel.swift in Sources */ = {isa = PBXBuildFile; fileRef = 353AFB4D25174C9B0069F5D2 /* PostViewModel.swift */; };
		353B89AB24F136C20069F664 /* BaseTabView.swift in Sources */ = {isa = PBXBuildFile; fileRef = 353B89AA24F136C20069F664 /* BaseTabView.swift */; };
		353E5229251CCF4B008FD4ED /* GeneratedMocks.swift in Sources */ = {isa = PBXBuildFile; fileRef = 353E5228251CCF4B008FD4ED /* GeneratedMocks.swift */; };
		354022C324EFDD7300F69187 /* AppDelegate.swift in Sources */ = {isa = PBXBuildFile; fileRef = 354022C224EFDD7300F69187 /* AppDelegate.swift */; };
		354022C524EFDD7300F69187 /* SceneDelegate.swift in Sources */ = {isa = PBXBuildFile; fileRef = 354022C424EFDD7300F69187 /* SceneDelegate.swift */; };
		354022C824EFDD7300F69187 /* Trav_Book.xcdatamodeld in Sources */ = {isa = PBXBuildFile; fileRef = 354022C624EFDD7300F69187 /* Trav_Book.xcdatamodeld */; };
		354022CA24EFDD7300F69187 /* ContentView.swift in Sources */ = {isa = PBXBuildFile; fileRef = 354022C924EFDD7300F69187 /* ContentView.swift */; };
		354022CC24EFDD7600F69187 /* Assets.xcassets in Resources */ = {isa = PBXBuildFile; fileRef = 354022CB24EFDD7600F69187 /* Assets.xcassets */; };
		354022CF24EFDD7600F69187 /* Preview Assets.xcassets in Resources */ = {isa = PBXBuildFile; fileRef = 354022CE24EFDD7600F69187 /* Preview Assets.xcassets */; };
		354022D224EFDD7600F69187 /* LaunchScreen.storyboard in Resources */ = {isa = PBXBuildFile; fileRef = 354022D024EFDD7600F69187 /* LaunchScreen.storyboard */; };
		354022DD24EFDD7600F69187 /* Trav_BookTests.swift in Sources */ = {isa = PBXBuildFile; fileRef = 354022DC24EFDD7600F69187 /* Trav_BookTests.swift */; };
		35419D4924EFDDBE00A1A5F8 /* LoginView.swift in Sources */ = {isa = PBXBuildFile; fileRef = 35419D4824EFDDBE00A1A5F8 /* LoginView.swift */; };
		355FBAFD24F7B0FD006749AE /* PostView.swift in Sources */ = {isa = PBXBuildFile; fileRef = 355FBAFC24F7B0FD006749AE /* PostView.swift */; };
		355FBAFF24F7B1B6006749AE /* DashboardView.swift in Sources */ = {isa = PBXBuildFile; fileRef = 355FBAFE24F7B1B6006749AE /* DashboardView.swift */; };
		355FBB0124F7C59F006749AE /* DashboardViewModel.swift in Sources */ = {isa = PBXBuildFile; fileRef = 355FBB0024F7C59F006749AE /* DashboardViewModel.swift */; };
		35A4C5B22517A35F0053D8D7 /* ProfileModel.swift in Sources */ = {isa = PBXBuildFile; fileRef = 35A4C5B12517A35F0053D8D7 /* ProfileModel.swift */; };
		BAF47E2E8708CCA67D4404FB /* Pods_Trav_Book.framework in Frameworks */ = {isa = PBXBuildFile; fileRef = AB0A0E58564B8A21E0855D5A /* Pods_Trav_Book.framework */; };
		E9CF9547B646EFC286010751 /* Pods_Trav_BookTests.framework in Frameworks */ = {isa = PBXBuildFile; fileRef = EAD25AA72E32CD7441E9D213 /* Pods_Trav_BookTests.framework */; };
/* End PBXBuildFile section */

/* Begin PBXContainerItemProxy section */
		354022D924EFDD7600F69187 /* PBXContainerItemProxy */ = {
			isa = PBXContainerItemProxy;
			containerPortal = 354022B724EFDD7300F69187 /* Project object */;
			proxyType = 1;
			remoteGlobalIDString = 354022BE24EFDD7300F69187;
			remoteInfo = "Trav-Book";
		};
/* End PBXContainerItemProxy section */

/* Begin PBXFileReference section */
		10477BDB0DCCAA6D2767A128 /* Pods-Trav-Book.debug.xcconfig */ = {isa = PBXFileReference; includeInIndex = 1; lastKnownFileType = text.xcconfig; name = "Pods-Trav-Book.debug.xcconfig"; path = "Target Support Files/Pods-Trav-Book/Pods-Trav-Book.debug.xcconfig"; sourceTree = "<group>"; };
		3510488E24FE510600499DBE /* GoogleService-Info.plist */ = {isa = PBXFileReference; fileEncoding = 4; lastKnownFileType = text.plist.xml; path = "GoogleService-Info.plist"; sourceTree = "<group>"; };
		353042E725288E34001999E2 /* CurrentUser.swift */ = {isa = PBXFileReference; lastKnownFileType = sourcecode.swift; path = CurrentUser.swift; sourceTree = "<group>"; };
		3531266F25221F9E00015E82 /* AuthProvider.swift */ = {isa = PBXFileReference; lastKnownFileType = sourcecode.swift; path = AuthProvider.swift; sourceTree = "<group>"; };
		3531C099252F1DF70074E657 /* UploadPost.swift */ = {isa = PBXFileReference; lastKnownFileType = sourcecode.swift; path = UploadPost.swift; sourceTree = "<group>"; };
		35391A842527711000892681 /* UserModel.swift */ = {isa = PBXFileReference; lastKnownFileType = sourcecode.swift; path = UserModel.swift; sourceTree = "<group>"; };
		353A6802252366FB0097B72F /* SignupView.swift */ = {isa = PBXFileReference; lastKnownFileType = sourcecode.swift; path = SignupView.swift; sourceTree = "<group>"; };
		353AFB4B2515F2220069F5D2 /* ProfileView.swift */ = {isa = PBXFileReference; lastKnownFileType = sourcecode.swift; path = ProfileView.swift; sourceTree = "<group>"; };
		353AFB4D25174C9B0069F5D2 /* PostViewModel.swift */ = {isa = PBXFileReference; lastKnownFileType = sourcecode.swift; path = PostViewModel.swift; sourceTree = "<group>"; };
		353B89AA24F136C20069F664 /* BaseTabView.swift */ = {isa = PBXFileReference; lastKnownFileType = sourcecode.swift; path = BaseTabView.swift; sourceTree = "<group>"; };
		353E5228251CCF4B008FD4ED /* GeneratedMocks.swift */ = {isa = PBXFileReference; fileEncoding = 4; lastKnownFileType = sourcecode.swift; path = GeneratedMocks.swift; sourceTree = "<group>"; };
		354022BF24EFDD7300F69187 /* Trav-Book.app */ = {isa = PBXFileReference; explicitFileType = wrapper.application; includeInIndex = 0; path = "Trav-Book.app"; sourceTree = BUILT_PRODUCTS_DIR; };
		354022C224EFDD7300F69187 /* AppDelegate.swift */ = {isa = PBXFileReference; lastKnownFileType = sourcecode.swift; path = AppDelegate.swift; sourceTree = "<group>"; };
		354022C424EFDD7300F69187 /* SceneDelegate.swift */ = {isa = PBXFileReference; lastKnownFileType = sourcecode.swift; path = SceneDelegate.swift; sourceTree = "<group>"; };
		354022C724EFDD7300F69187 /* Trav_Book.xcdatamodel */ = {isa = PBXFileReference; lastKnownFileType = wrapper.xcdatamodel; path = Trav_Book.xcdatamodel; sourceTree = "<group>"; };
		354022C924EFDD7300F69187 /* ContentView.swift */ = {isa = PBXFileReference; lastKnownFileType = sourcecode.swift; path = ContentView.swift; sourceTree = "<group>"; };
		354022CB24EFDD7600F69187 /* Assets.xcassets */ = {isa = PBXFileReference; lastKnownFileType = folder.assetcatalog; path = Assets.xcassets; sourceTree = "<group>"; };
		354022CE24EFDD7600F69187 /* Preview Assets.xcassets */ = {isa = PBXFileReference; lastKnownFileType = folder.assetcatalog; path = "Preview Assets.xcassets"; sourceTree = "<group>"; };
		354022D124EFDD7600F69187 /* Base */ = {isa = PBXFileReference; lastKnownFileType = file.storyboard; name = Base; path = Base.lproj/LaunchScreen.storyboard; sourceTree = "<group>"; };
		354022D324EFDD7600F69187 /* Info.plist */ = {isa = PBXFileReference; lastKnownFileType = text.plist.xml; path = Info.plist; sourceTree = "<group>"; };
		354022D824EFDD7600F69187 /* Trav-BookTests.xctest */ = {isa = PBXFileReference; explicitFileType = wrapper.cfbundle; includeInIndex = 0; path = "Trav-BookTests.xctest"; sourceTree = BUILT_PRODUCTS_DIR; };
		354022DC24EFDD7600F69187 /* Trav_BookTests.swift */ = {isa = PBXFileReference; lastKnownFileType = sourcecode.swift; path = Trav_BookTests.swift; sourceTree = "<group>"; };
		354022DE24EFDD7600F69187 /* Info.plist */ = {isa = PBXFileReference; lastKnownFileType = text.plist.xml; path = Info.plist; sourceTree = "<group>"; };
		35419D4824EFDDBE00A1A5F8 /* LoginView.swift */ = {isa = PBXFileReference; lastKnownFileType = sourcecode.swift; path = LoginView.swift; sourceTree = "<group>"; };
		355FBAFC24F7B0FD006749AE /* PostView.swift */ = {isa = PBXFileReference; lastKnownFileType = sourcecode.swift; path = PostView.swift; sourceTree = "<group>"; };
		355FBAFE24F7B1B6006749AE /* DashboardView.swift */ = {isa = PBXFileReference; lastKnownFileType = sourcecode.swift; path = DashboardView.swift; sourceTree = "<group>"; };
		355FBB0024F7C59F006749AE /* DashboardViewModel.swift */ = {isa = PBXFileReference; lastKnownFileType = sourcecode.swift; path = DashboardViewModel.swift; sourceTree = "<group>"; };
		35A4C5B12517A35F0053D8D7 /* ProfileModel.swift */ = {isa = PBXFileReference; lastKnownFileType = sourcecode.swift; path = ProfileModel.swift; sourceTree = "<group>"; };
		724AA7E618DA54CB795E83B7 /* Pods-Trav-BookTests.release.xcconfig */ = {isa = PBXFileReference; includeInIndex = 1; lastKnownFileType = text.xcconfig; name = "Pods-Trav-BookTests.release.xcconfig"; path = "Target Support Files/Pods-Trav-BookTests/Pods-Trav-BookTests.release.xcconfig"; sourceTree = "<group>"; };
		7957817972FBE93F5E8E24A7 /* Pods-Trav-BookTests.debug.xcconfig */ = {isa = PBXFileReference; includeInIndex = 1; lastKnownFileType = text.xcconfig; name = "Pods-Trav-BookTests.debug.xcconfig"; path = "Target Support Files/Pods-Trav-BookTests/Pods-Trav-BookTests.debug.xcconfig"; sourceTree = "<group>"; };
		AB0A0E58564B8A21E0855D5A /* Pods_Trav_Book.framework */ = {isa = PBXFileReference; explicitFileType = wrapper.framework; includeInIndex = 0; path = Pods_Trav_Book.framework; sourceTree = BUILT_PRODUCTS_DIR; };
		C927A443C23997B2445BAF37 /* Pods-Trav-Book.release.xcconfig */ = {isa = PBXFileReference; includeInIndex = 1; lastKnownFileType = text.xcconfig; name = "Pods-Trav-Book.release.xcconfig"; path = "Target Support Files/Pods-Trav-Book/Pods-Trav-Book.release.xcconfig"; sourceTree = "<group>"; };
		EAD25AA72E32CD7441E9D213 /* Pods_Trav_BookTests.framework */ = {isa = PBXFileReference; explicitFileType = wrapper.framework; includeInIndex = 0; path = Pods_Trav_BookTests.framework; sourceTree = BUILT_PRODUCTS_DIR; };
/* End PBXFileReference section */

/* Begin PBXFrameworksBuildPhase section */
		354022BC24EFDD7300F69187 /* Frameworks */ = {
			isa = PBXFrameworksBuildPhase;
			buildActionMask = 2147483647;
			files = (
				BAF47E2E8708CCA67D4404FB /* Pods_Trav_Book.framework in Frameworks */,
			);
			runOnlyForDeploymentPostprocessing = 0;
		};
		354022D524EFDD7600F69187 /* Frameworks */ = {
			isa = PBXFrameworksBuildPhase;
			buildActionMask = 2147483647;
			files = (
				E9CF9547B646EFC286010751 /* Pods_Trav_BookTests.framework in Frameworks */,
			);
			runOnlyForDeploymentPostprocessing = 0;
		};
/* End PBXFrameworksBuildPhase section */

/* Begin PBXGroup section */
		353A6801252366E40097B72F /* Login */ = {
			isa = PBXGroup;
			children = (
				35419D4824EFDDBE00A1A5F8 /* LoginView.swift */,
				353A6802252366FB0097B72F /* SignupView.swift */,
			);
			path = Login;
			sourceTree = "<group>";
		};
		353AFB4A2515F2110069F5D2 /* Profile */ = {
			isa = PBXGroup;
			children = (
				353AFB4B2515F2220069F5D2 /* ProfileView.swift */,
				353AFB4D25174C9B0069F5D2 /* PostViewModel.swift */,
				35A4C5B12517A35F0053D8D7 /* ProfileModel.swift */,
			);
			path = Profile;
			sourceTree = "<group>";
		};
		354022B624EFDD7300F69187 = {
			isa = PBXGroup;
			children = (
				354022C124EFDD7300F69187 /* Trav-Book */,
				354022DB24EFDD7600F69187 /* Trav-BookTests */,
				354022C024EFDD7300F69187 /* Products */,
				3F021C293E87A4DB5359243B /* Pods */,
				AB06E51143115F1287DB7935 /* Frameworks */,
			);
			sourceTree = "<group>";
		};
		354022C024EFDD7300F69187 /* Products */ = {
			isa = PBXGroup;
			children = (
				354022BF24EFDD7300F69187 /* Trav-Book.app */,
				354022D824EFDD7600F69187 /* Trav-BookTests.xctest */,
			);
			name = Products;
			sourceTree = "<group>";
		};
		354022C124EFDD7300F69187 /* Trav-Book */ = {
			isa = PBXGroup;
			children = (
				3531266F25221F9E00015E82 /* AuthProvider.swift */,
				353042E725288E34001999E2 /* CurrentUser.swift */,
				354022C224EFDD7300F69187 /* AppDelegate.swift */,
				354022C424EFDD7300F69187 /* SceneDelegate.swift */,
				354022C924EFDD7300F69187 /* ContentView.swift */,
				353B89AA24F136C20069F664 /* BaseTabView.swift */,
				353A6801252366E40097B72F /* Login */,
				355FBAFB24F7B0D6006749AE /* Dashboard */,
				353AFB4A2515F2110069F5D2 /* Profile */,
				354022CB24EFDD7600F69187 /* Assets.xcassets */,
				354022D024EFDD7600F69187 /* LaunchScreen.storyboard */,
				3510488E24FE510600499DBE /* GoogleService-Info.plist */,
				354022D324EFDD7600F69187 /* Info.plist */,
				354022C624EFDD7300F69187 /* Trav_Book.xcdatamodeld */,
				35391A842527711000892681 /* UserModel.swift */,
				354022CD24EFDD7600F69187 /* Preview Content */,
			);
			path = "Trav-Book";
			sourceTree = "<group>";
		};
		354022CD24EFDD7600F69187 /* Preview Content */ = {
			isa = PBXGroup;
			children = (
				354022CE24EFDD7600F69187 /* Preview Assets.xcassets */,
			);
			path = "Preview Content";
			sourceTree = "<group>";
		};
		354022DB24EFDD7600F69187 /* Trav-BookTests */ = {
			isa = PBXGroup;
			children = (
				353E5228251CCF4B008FD4ED /* GeneratedMocks.swift */,
				354022DC24EFDD7600F69187 /* Trav_BookTests.swift */,
				354022DE24EFDD7600F69187 /* Info.plist */,
			);
			path = "Trav-BookTests";
			sourceTree = "<group>";
		};
		355FBAFB24F7B0D6006749AE /* Dashboard */ = {
			isa = PBXGroup;
			children = (
				355FBB0024F7C59F006749AE /* DashboardViewModel.swift */,
				355FBAFE24F7B1B6006749AE /* DashboardView.swift */,
				355FBAFC24F7B0FD006749AE /* PostView.swift */,
				3531C099252F1DF70074E657 /* UploadPost.swift */,
			);
			path = Dashboard;
			sourceTree = "<group>";
		};
		3F021C293E87A4DB5359243B /* Pods */ = {
			isa = PBXGroup;
			children = (
				10477BDB0DCCAA6D2767A128 /* Pods-Trav-Book.debug.xcconfig */,
				C927A443C23997B2445BAF37 /* Pods-Trav-Book.release.xcconfig */,
				7957817972FBE93F5E8E24A7 /* Pods-Trav-BookTests.debug.xcconfig */,
				724AA7E618DA54CB795E83B7 /* Pods-Trav-BookTests.release.xcconfig */,
			);
			path = Pods;
			sourceTree = "<group>";
		};
		AB06E51143115F1287DB7935 /* Frameworks */ = {
			isa = PBXGroup;
			children = (
				AB0A0E58564B8A21E0855D5A /* Pods_Trav_Book.framework */,
				EAD25AA72E32CD7441E9D213 /* Pods_Trav_BookTests.framework */,
			);
			name = Frameworks;
			sourceTree = "<group>";
		};
/* End PBXGroup section */

/* Begin PBXNativeTarget section */
		354022BE24EFDD7300F69187 /* Trav-Book */ = {
			isa = PBXNativeTarget;
			buildConfigurationList = 354022E124EFDD7600F69187 /* Build configuration list for PBXNativeTarget "Trav-Book" */;
			buildPhases = (
				9379BF3C6C34EAAD0C31964D /* [CP] Check Pods Manifest.lock */,
				354022BB24EFDD7300F69187 /* Sources */,
				354022BC24EFDD7300F69187 /* Frameworks */,
				354022BD24EFDD7300F69187 /* Resources */,
				EEF5EB43E0CC1AD272FF51B5 /* [CP] Embed Pods Frameworks */,
				352517E924FE5CE700501709 /* ShellScript */,
			);
			buildRules = (
			);
			dependencies = (
			);
			name = "Trav-Book";
			productName = "Trav-Book";
			productReference = 354022BF24EFDD7300F69187 /* Trav-Book.app */;
			productType = "com.apple.product-type.application";
		};
		354022D724EFDD7600F69187 /* Trav-BookTests */ = {
			isa = PBXNativeTarget;
			buildConfigurationList = 354022E424EFDD7600F69187 /* Build configuration list for PBXNativeTarget "Trav-BookTests" */;
			buildPhases = (
				003323B98FB2D2A4A7EAC4DB /* [CP] Check Pods Manifest.lock */,
				353E5227251CB406008FD4ED /* ShellScript */,
				354022D424EFDD7600F69187 /* Sources */,
				354022D524EFDD7600F69187 /* Frameworks */,
				354022D624EFDD7600F69187 /* Resources */,
			);
			buildRules = (
			);
			dependencies = (
				354022DA24EFDD7600F69187 /* PBXTargetDependency */,
			);
			name = "Trav-BookTests";
			productName = "Trav-BookTests";
			productReference = 354022D824EFDD7600F69187 /* Trav-BookTests.xctest */;
			productType = "com.apple.product-type.bundle.unit-test";
		};
/* End PBXNativeTarget section */

/* Begin PBXProject section */
		354022B724EFDD7300F69187 /* Project object */ = {
			isa = PBXProject;
			attributes = {
				LastSwiftUpdateCheck = 1120;
				LastUpgradeCheck = 1120;
				ORGANIZATIONNAME = "Mohamed Mahmoud Zaki";
				TargetAttributes = {
					354022BE24EFDD7300F69187 = {
						CreatedOnToolsVersion = 11.2.1;
					};
					354022D724EFDD7600F69187 = {
						CreatedOnToolsVersion = 11.2.1;
						TestTargetID = 354022BE24EFDD7300F69187;
					};
				};
			};
			buildConfigurationList = 354022BA24EFDD7300F69187 /* Build configuration list for PBXProject "Trav-Book" */;
			compatibilityVersion = "Xcode 9.3";
			developmentRegion = en;
			hasScannedForEncodings = 0;
			knownRegions = (
				en,
				Base,
			);
			mainGroup = 354022B624EFDD7300F69187;
			productRefGroup = 354022C024EFDD7300F69187 /* Products */;
			projectDirPath = "";
			projectRoot = "";
			targets = (
				354022BE24EFDD7300F69187 /* Trav-Book */,
				354022D724EFDD7600F69187 /* Trav-BookTests */,
			);
		};
/* End PBXProject section */

/* Begin PBXResourcesBuildPhase section */
		354022BD24EFDD7300F69187 /* Resources */ = {
			isa = PBXResourcesBuildPhase;
			buildActionMask = 2147483647;
			files = (
				354022D224EFDD7600F69187 /* LaunchScreen.storyboard in Resources */,
				354022CF24EFDD7600F69187 /* Preview Assets.xcassets in Resources */,
				354022CC24EFDD7600F69187 /* Assets.xcassets in Resources */,
				3510488F24FE510600499DBE /* GoogleService-Info.plist in Resources */,
			);
			runOnlyForDeploymentPostprocessing = 0;
		};
		354022D624EFDD7600F69187 /* Resources */ = {
			isa = PBXResourcesBuildPhase;
			buildActionMask = 2147483647;
			files = (
			);
			runOnlyForDeploymentPostprocessing = 0;
		};
/* End PBXResourcesBuildPhase section */

/* Begin PBXShellScriptBuildPhase section */
		003323B98FB2D2A4A7EAC4DB /* [CP] Check Pods Manifest.lock */ = {
			isa = PBXShellScriptBuildPhase;
			buildActionMask = 2147483647;
			files = (
			);
			inputFileListPaths = (
			);
			inputPaths = (
				"${PODS_PODFILE_DIR_PATH}/Podfile.lock",
				"${PODS_ROOT}/Manifest.lock",
			);
			name = "[CP] Check Pods Manifest.lock";
			outputFileListPaths = (
			);
			outputPaths = (
				"$(DERIVED_FILE_DIR)/Pods-Trav-BookTests-checkManifestLockResult.txt",
			);
			runOnlyForDeploymentPostprocessing = 0;
			shellPath = /bin/sh;
			shellScript = "diff \"${PODS_PODFILE_DIR_PATH}/Podfile.lock\" \"${PODS_ROOT}/Manifest.lock\" > /dev/null\nif [ $? != 0 ] ; then\n    # print error to STDERR\n    echo \"error: The sandbox is not in sync with the Podfile.lock. Run 'pod install' or update your CocoaPods installation.\" >&2\n    exit 1\nfi\n# This output is used by Xcode 'outputs' to avoid re-running this script phase.\necho \"SUCCESS\" > \"${SCRIPT_OUTPUT_FILE_0}\"\n";
			showEnvVarsInLog = 0;
		};
		352517E924FE5CE700501709 /* ShellScript */ = {
			isa = PBXShellScriptBuildPhase;
			buildActionMask = 2147483647;
			files = (
			);
			inputFileListPaths = (
			);
			inputPaths = (
				"${DWARF_DSYM_FOLDER_PATH}/${DWARF_DSYM_FILE_NAME}/Contents/Resources/DWARF/${TARGET_NAME}",
				"$(SRCROOT)/$(BUILT_PRODUCTS_DIR)/$(INFOPLIST_PATH)",
			);
			outputFileListPaths = (
			);
			outputPaths = (
			);
			runOnlyForDeploymentPostprocessing = 0;
			shellPath = /bin/sh;
			shellScript = "\"${PODS_ROOT}/FirebaseCrashlytics/run\"\n";
		};
		353E5227251CB406008FD4ED /* ShellScript */ = {
			isa = PBXShellScriptBuildPhase;
			buildActionMask = 2147483647;
			files = (
			);
			inputFileListPaths = (
			);
			inputPaths = (
				"${PROJECT_DIR}/${PROJECT_NAME}/Dashboard/DashboardViewModel.swift",
			);
			outputFileListPaths = (
			);
			outputPaths = (
				"\"${PROJECT_DIR}/${PROJECT_NAME}Tests/GeneratedMocks.swift\"",
			);
			runOnlyForDeploymentPostprocessing = 0;
			shellPath = /bin/sh;
			shellScript = "#OUTPUT_FILE=\"/Users/zaki/Desktop/My Apps/Trav-Book/Trav-Book/Trav-BookTests/GeneratedMocks.swift\"\n#echo \"Generated Mocks File = ${OUTPUT_FILE}\"\n\n# Define input directory. Change \"${PROJECT_DIR}/${PROJECT_NAME}\" to your project's root source folder, if it's not the default name.\n#INPUT_DIR=\"${PROJECT_DIR}/${PROJECT_NAME}\"\n#echo \"Mocks Input Directory = ${INPUT_DIR}\"\n\n# Generate mock files, include as many input files as you'd like to create mocks for.\n\"${PODS_ROOT}/Cuckoo/run\" generate --testable \"${PROJECT_NAME}\" \\\n--output \"${SCRIPT_OUTPUT_FILE_0}\"\n";
		};
		9379BF3C6C34EAAD0C31964D /* [CP] Check Pods Manifest.lock */ = {
			isa = PBXShellScriptBuildPhase;
			buildActionMask = 2147483647;
			files = (
			);
			inputFileListPaths = (
			);
			inputPaths = (
				"${PODS_PODFILE_DIR_PATH}/Podfile.lock",
				"${PODS_ROOT}/Manifest.lock",
			);
			name = "[CP] Check Pods Manifest.lock";
			outputFileListPaths = (
			);
			outputPaths = (
				"$(DERIVED_FILE_DIR)/Pods-Trav-Book-checkManifestLockResult.txt",
			);
			runOnlyForDeploymentPostprocessing = 0;
			shellPath = /bin/sh;
			shellScript = "diff \"${PODS_PODFILE_DIR_PATH}/Podfile.lock\" \"${PODS_ROOT}/Manifest.lock\" > /dev/null\nif [ $? != 0 ] ; then\n    # print error to STDERR\n    echo \"error: The sandbox is not in sync with the Podfile.lock. Run 'pod install' or update your CocoaPods installation.\" >&2\n    exit 1\nfi\n# This output is used by Xcode 'outputs' to avoid re-running this script phase.\necho \"SUCCESS\" > \"${SCRIPT_OUTPUT_FILE_0}\"\n";
			showEnvVarsInLog = 0;
		};
		EEF5EB43E0CC1AD272FF51B5 /* [CP] Embed Pods Frameworks */ = {
			isa = PBXShellScriptBuildPhase;
			buildActionMask = 2147483647;
			files = (
			);
			inputFileListPaths = (
				"${PODS_ROOT}/Target Support Files/Pods-Trav-Book/Pods-Trav-Book-frameworks-${CONFIGURATION}-input-files.xcfilelist",
			);
			name = "[CP] Embed Pods Frameworks";
			outputFileListPaths = (
				"${PODS_ROOT}/Target Support Files/Pods-Trav-Book/Pods-Trav-Book-frameworks-${CONFIGURATION}-output-files.xcfilelist",
			);
			runOnlyForDeploymentPostprocessing = 0;
			shellPath = /bin/sh;
			shellScript = "\"${PODS_ROOT}/Target Support Files/Pods-Trav-Book/Pods-Trav-Book-frameworks.sh\"\n";
			showEnvVarsInLog = 0;
		};
/* End PBXShellScriptBuildPhase section */

/* Begin PBXSourcesBuildPhase section */
		354022BB24EFDD7300F69187 /* Sources */ = {
			isa = PBXSourcesBuildPhase;
			buildActionMask = 2147483647;
			files = (
				353A6803252366FB0097B72F /* SignupView.swift in Sources */,
				355FBAFD24F7B0FD006749AE /* PostView.swift in Sources */,
				355FBAFF24F7B1B6006749AE /* DashboardView.swift in Sources */,
				353AFB4C2515F2220069F5D2 /* ProfileView.swift in Sources */,
				35A4C5B22517A35F0053D8D7 /* ProfileModel.swift in Sources */,
				354022C324EFDD7300F69187 /* AppDelegate.swift in Sources */,
				3531267025221F9E00015E82 /* AuthProvider.swift in Sources */,
				355FBB0124F7C59F006749AE /* DashboardViewModel.swift in Sources */,
				353B89AB24F136C20069F664 /* BaseTabView.swift in Sources */,
				354022C824EFDD7300F69187 /* Trav_Book.xcdatamodeld in Sources */,
				353AFB4E25174C9B0069F5D2 /* PostViewModel.swift in Sources */,
				354022CA24EFDD7300F69187 /* ContentView.swift in Sources */,
				35419D4924EFDDBE00A1A5F8 /* LoginView.swift in Sources */,
				35391A852527711000892681 /* UserModel.swift in Sources */,
				3531C09A252F1DF70074E657 /* UploadPost.swift in Sources */,
				353042E825288E34001999E2 /* CurrentUser.swift in Sources */,
				354022C524EFDD7300F69187 /* SceneDelegate.swift in Sources */,
			);
			runOnlyForDeploymentPostprocessing = 0;
		};
		354022D424EFDD7600F69187 /* Sources */ = {
			isa = PBXSourcesBuildPhase;
			buildActionMask = 2147483647;
			files = (
				354022DD24EFDD7600F69187 /* Trav_BookTests.swift in Sources */,
				353E5229251CCF4B008FD4ED /* GeneratedMocks.swift in Sources */,
			);
			runOnlyForDeploymentPostprocessing = 0;
		};
/* End PBXSourcesBuildPhase section */

/* Begin PBXTargetDependency section */
		354022DA24EFDD7600F69187 /* PBXTargetDependency */ = {
			isa = PBXTargetDependency;
			target = 354022BE24EFDD7300F69187 /* Trav-Book */;
			targetProxy = 354022D924EFDD7600F69187 /* PBXContainerItemProxy */;
		};
/* End PBXTargetDependency section */

/* Begin PBXVariantGroup section */
		354022D024EFDD7600F69187 /* LaunchScreen.storyboard */ = {
			isa = PBXVariantGroup;
			children = (
				354022D124EFDD7600F69187 /* Base */,
			);
			name = LaunchScreen.storyboard;
			sourceTree = "<group>";
		};
/* End PBXVariantGroup section */

/* Begin XCBuildConfiguration section */
		354022DF24EFDD7600F69187 /* Debug */ = {
			isa = XCBuildConfiguration;
			buildSettings = {
				ALWAYS_SEARCH_USER_PATHS = NO;
				CLANG_ANALYZER_NONNULL = YES;
				CLANG_ANALYZER_NUMBER_OBJECT_CONVERSION = YES_AGGRESSIVE;
				CLANG_CXX_LANGUAGE_STANDARD = "gnu++14";
				CLANG_CXX_LIBRARY = "libc++";
				CLANG_ENABLE_MODULES = YES;
				CLANG_ENABLE_OBJC_ARC = YES;
				CLANG_ENABLE_OBJC_WEAK = YES;
				CLANG_WARN_BLOCK_CAPTURE_AUTORELEASING = YES;
				CLANG_WARN_BOOL_CONVERSION = YES;
				CLANG_WARN_COMMA = YES;
				CLANG_WARN_CONSTANT_CONVERSION = YES;
				CLANG_WARN_DEPRECATED_OBJC_IMPLEMENTATIONS = YES;
				CLANG_WARN_DIRECT_OBJC_ISA_USAGE = YES_ERROR;
				CLANG_WARN_DOCUMENTATION_COMMENTS = YES;
				CLANG_WARN_EMPTY_BODY = YES;
				CLANG_WARN_ENUM_CONVERSION = YES;
				CLANG_WARN_INFINITE_RECURSION = YES;
				CLANG_WARN_INT_CONVERSION = YES;
				CLANG_WARN_NON_LITERAL_NULL_CONVERSION = YES;
				CLANG_WARN_OBJC_IMPLICIT_RETAIN_SELF = YES;
				CLANG_WARN_OBJC_LITERAL_CONVERSION = YES;
				CLANG_WARN_OBJC_ROOT_CLASS = YES_ERROR;
				CLANG_WARN_RANGE_LOOP_ANALYSIS = YES;
				CLANG_WARN_STRICT_PROTOTYPES = YES;
				CLANG_WARN_SUSPICIOUS_MOVE = YES;
				CLANG_WARN_UNGUARDED_AVAILABILITY = YES_AGGRESSIVE;
				CLANG_WARN_UNREACHABLE_CODE = YES;
				CLANG_WARN__DUPLICATE_METHOD_MATCH = YES;
				COPY_PHASE_STRIP = NO;
				DEBUG_INFORMATION_FORMAT = dwarf;
				ENABLE_STRICT_OBJC_MSGSEND = YES;
				ENABLE_TESTABILITY = YES;
				GCC_C_LANGUAGE_STANDARD = gnu11;
				GCC_DYNAMIC_NO_PIC = NO;
				GCC_NO_COMMON_BLOCKS = YES;
				GCC_OPTIMIZATION_LEVEL = 0;
				GCC_PREPROCESSOR_DEFINITIONS = (
					"DEBUG=1",
					"$(inherited)",
				);
				GCC_WARN_64_TO_32_BIT_CONVERSION = YES;
				GCC_WARN_ABOUT_RETURN_TYPE = YES_ERROR;
				GCC_WARN_UNDECLARED_SELECTOR = YES;
				GCC_WARN_UNINITIALIZED_AUTOS = YES_AGGRESSIVE;
				GCC_WARN_UNUSED_FUNCTION = YES;
				GCC_WARN_UNUSED_VARIABLE = YES;
				IPHONEOS_DEPLOYMENT_TARGET = 13.2;
				MTL_ENABLE_DEBUG_INFO = INCLUDE_SOURCE;
				MTL_FAST_MATH = YES;
				ONLY_ACTIVE_ARCH = YES;
				SDKROOT = iphoneos;
				SWIFT_ACTIVE_COMPILATION_CONDITIONS = DEBUG;
				SWIFT_OPTIMIZATION_LEVEL = "-Onone";
			};
			name = Debug;
		};
		354022E024EFDD7600F69187 /* Release */ = {
			isa = XCBuildConfiguration;
			buildSettings = {
				ALWAYS_SEARCH_USER_PATHS = NO;
				CLANG_ANALYZER_NONNULL = YES;
				CLANG_ANALYZER_NUMBER_OBJECT_CONVERSION = YES_AGGRESSIVE;
				CLANG_CXX_LANGUAGE_STANDARD = "gnu++14";
				CLANG_CXX_LIBRARY = "libc++";
				CLANG_ENABLE_MODULES = YES;
				CLANG_ENABLE_OBJC_ARC = YES;
				CLANG_ENABLE_OBJC_WEAK = YES;
				CLANG_WARN_BLOCK_CAPTURE_AUTORELEASING = YES;
				CLANG_WARN_BOOL_CONVERSION = YES;
				CLANG_WARN_COMMA = YES;
				CLANG_WARN_CONSTANT_CONVERSION = YES;
				CLANG_WARN_DEPRECATED_OBJC_IMPLEMENTATIONS = YES;
				CLANG_WARN_DIRECT_OBJC_ISA_USAGE = YES_ERROR;
				CLANG_WARN_DOCUMENTATION_COMMENTS = YES;
				CLANG_WARN_EMPTY_BODY = YES;
				CLANG_WARN_ENUM_CONVERSION = YES;
				CLANG_WARN_INFINITE_RECURSION = YES;
				CLANG_WARN_INT_CONVERSION = YES;
				CLANG_WARN_NON_LITERAL_NULL_CONVERSION = YES;
				CLANG_WARN_OBJC_IMPLICIT_RETAIN_SELF = YES;
				CLANG_WARN_OBJC_LITERAL_CONVERSION = YES;
				CLANG_WARN_OBJC_ROOT_CLASS = YES_ERROR;
				CLANG_WARN_RANGE_LOOP_ANALYSIS = YES;
				CLANG_WARN_STRICT_PROTOTYPES = YES;
				CLANG_WARN_SUSPICIOUS_MOVE = YES;
				CLANG_WARN_UNGUARDED_AVAILABILITY = YES_AGGRESSIVE;
				CLANG_WARN_UNREACHABLE_CODE = YES;
				CLANG_WARN__DUPLICATE_METHOD_MATCH = YES;
				COPY_PHASE_STRIP = NO;
				DEBUG_INFORMATION_FORMAT = "dwarf-with-dsym";
				ENABLE_NS_ASSERTIONS = NO;
				ENABLE_STRICT_OBJC_MSGSEND = YES;
				GCC_C_LANGUAGE_STANDARD = gnu11;
				GCC_NO_COMMON_BLOCKS = YES;
				GCC_WARN_64_TO_32_BIT_CONVERSION = YES;
				GCC_WARN_ABOUT_RETURN_TYPE = YES_ERROR;
				GCC_WARN_UNDECLARED_SELECTOR = YES;
				GCC_WARN_UNINITIALIZED_AUTOS = YES_AGGRESSIVE;
				GCC_WARN_UNUSED_FUNCTION = YES;
				GCC_WARN_UNUSED_VARIABLE = YES;
				IPHONEOS_DEPLOYMENT_TARGET = 13.2;
				MTL_ENABLE_DEBUG_INFO = NO;
				MTL_FAST_MATH = YES;
				SDKROOT = iphoneos;
				SWIFT_COMPILATION_MODE = wholemodule;
				SWIFT_OPTIMIZATION_LEVEL = "-O";
				VALIDATE_PRODUCT = YES;
			};
			name = Release;
		};
		354022E224EFDD7600F69187 /* Debug */ = {
			isa = XCBuildConfiguration;
			baseConfigurationReference = 10477BDB0DCCAA6D2767A128 /* Pods-Trav-Book.debug.xcconfig */;
			buildSettings = {
				ASSETCATALOG_COMPILER_APPICON_NAME = AppIcon;
				CODE_SIGN_STYLE = Automatic;
				DEBUG_INFORMATION_FORMAT = "dwarf-with-dsym";
				DEVELOPMENT_ASSET_PATHS = "\"Trav-Book/Preview Content\"";
				DEVELOPMENT_TEAM = 8S49K8U3C3;
				ENABLE_PREVIEWS = YES;
				INFOPLIST_FILE = "Trav-Book/Info.plist";
				LD_RUNPATH_SEARCH_PATHS = (
					"$(inherited)",
					"@executable_path/Frameworks",
				);
				PRODUCT_BUNDLE_IDENTIFIER = "Zaki.Trav-Book";
				PRODUCT_NAME = "$(TARGET_NAME)";
				SWIFT_VERSION = 5.0;
				TARGETED_DEVICE_FAMILY = "1,2";
			};
			name = Debug;
		};
		354022E324EFDD7600F69187 /* Release */ = {
			isa = XCBuildConfiguration;
			baseConfigurationReference = C927A443C23997B2445BAF37 /* Pods-Trav-Book.release.xcconfig */;
			buildSettings = {
				ASSETCATALOG_COMPILER_APPICON_NAME = AppIcon;
				CODE_SIGN_STYLE = Automatic;
				DEVELOPMENT_ASSET_PATHS = "\"Trav-Book/Preview Content\"";
				DEVELOPMENT_TEAM = 8S49K8U3C3;
				ENABLE_PREVIEWS = YES;
				INFOPLIST_FILE = "Trav-Book/Info.plist";
				LD_RUNPATH_SEARCH_PATHS = (
					"$(inherited)",
					"@executable_path/Frameworks",
				);
				PRODUCT_BUNDLE_IDENTIFIER = "Zaki.Trav-Book";
				PRODUCT_NAME = "$(TARGET_NAME)";
				SWIFT_VERSION = 5.0;
				TARGETED_DEVICE_FAMILY = "1,2";
			};
			name = Release;
		};
		354022E524EFDD7600F69187 /* Debug */ = {
			isa = XCBuildConfiguration;
			baseConfigurationReference = 7957817972FBE93F5E8E24A7 /* Pods-Trav-BookTests.debug.xcconfig */;
			buildSettings = {
				ALWAYS_EMBED_SWIFT_STANDARD_LIBRARIES = YES;
				BUNDLE_LOADER = "$(TEST_HOST)";
				CODE_SIGN_STYLE = Automatic;
				DEVELOPMENT_TEAM = 8S49K8U3C3;
				INFOPLIST_FILE = "Trav-BookTests/Info.plist";
				IPHONEOS_DEPLOYMENT_TARGET = 13.2;
				LD_RUNPATH_SEARCH_PATHS = (
					"$(inherited)",
					"@executable_path/Frameworks",
					"@loader_path/Frameworks",
				);
				PRODUCT_BUNDLE_IDENTIFIER = "Zaki.Trav-BookTests";
				PRODUCT_NAME = "$(TARGET_NAME)";
				SWIFT_VERSION = 5.0;
				TARGETED_DEVICE_FAMILY = "1,2";
				TEST_HOST = "$(BUILT_PRODUCTS_DIR)/Trav-Book.app/Trav-Book";
			};
			name = Debug;
		};
		354022E624EFDD7600F69187 /* Release */ = {
			isa = XCBuildConfiguration;
			baseConfigurationReference = 724AA7E618DA54CB795E83B7 /* Pods-Trav-BookTests.release.xcconfig */;
			buildSettings = {
				ALWAYS_EMBED_SWIFT_STANDARD_LIBRARIES = YES;
				BUNDLE_LOADER = "$(TEST_HOST)";
				CODE_SIGN_STYLE = Automatic;
				DEVELOPMENT_TEAM = 8S49K8U3C3;
				INFOPLIST_FILE = "Trav-BookTests/Info.plist";
				IPHONEOS_DEPLOYMENT_TARGET = 13.2;
				LD_RUNPATH_SEARCH_PATHS = (
					"$(inherited)",
					"@executable_path/Frameworks",
					"@loader_path/Frameworks",
				);
				PRODUCT_BUNDLE_IDENTIFIER = "Zaki.Trav-BookTests";
				PRODUCT_NAME = "$(TARGET_NAME)";
				SWIFT_VERSION = 5.0;
				TARGETED_DEVICE_FAMILY = "1,2";
				TEST_HOST = "$(BUILT_PRODUCTS_DIR)/Trav-Book.app/Trav-Book";
			};
			name = Release;
		};
/* End XCBuildConfiguration section */

/* Begin XCConfigurationList section */
		354022BA24EFDD7300F69187 /* Build configuration list for PBXProject "Trav-Book" */ = {
			isa = XCConfigurationList;
			buildConfigurations = (
				354022DF24EFDD7600F69187 /* Debug */,
				354022E024EFDD7600F69187 /* Release */,
			);
			defaultConfigurationIsVisible = 0;
			defaultConfigurationName = Release;
		};
		354022E124EFDD7600F69187 /* Build configuration list for PBXNativeTarget "Trav-Book" */ = {
			isa = XCConfigurationList;
			buildConfigurations = (
				354022E224EFDD7600F69187 /* Debug */,
				354022E324EFDD7600F69187 /* Release */,
			);
			defaultConfigurationIsVisible = 0;
			defaultConfigurationName = Release;
		};
		354022E424EFDD7600F69187 /* Build configuration list for PBXNativeTarget "Trav-BookTests" */ = {
			isa = XCConfigurationList;
			buildConfigurations = (
				354022E524EFDD7600F69187 /* Debug */,
				354022E624EFDD7600F69187 /* Release */,
			);
			defaultConfigurationIsVisible = 0;
			defaultConfigurationName = Release;
		};
/* End XCConfigurationList section */

/* Begin XCVersionGroup section */
		354022C624EFDD7300F69187 /* Trav_Book.xcdatamodeld */ = {
			isa = XCVersionGroup;
			children = (
				354022C724EFDD7300F69187 /* Trav_Book.xcdatamodel */,
			);
			currentVersion = 354022C724EFDD7300F69187 /* Trav_Book.xcdatamodel */;
			path = Trav_Book.xcdatamodeld;
			sourceTree = "<group>";
			versionGroupType = wrapper.xcdatamodel;
		};
/* End XCVersionGroup section */
	};
	rootObject = 354022B724EFDD7300F69187 /* Project object */;
}
