// !$*UTF8*$!
{
	archiveVersion = 1;
	classes = {
	};
	objectVersion = 51;
	objects = {

/* Begin PBXBuildFile section */
		3528F8CF23531D190099D39D /* AppFactory.swift in Sources */ = {isa = PBXBuildFile; fileRef = 3528F8CE23531D190099D39D /* AppFactory.swift */; };
		3528F8D2235327FA0099D39D /* User.swift in Sources */ = {isa = PBXBuildFile; fileRef = 3528F8D1235327FA0099D39D /* User.swift */; };
		35562EC92345E5160092A813 /* DashbaordTabBarController.swift in Sources */ = {isa = PBXBuildFile; fileRef = 35562EC52345E5160092A813 /* DashbaordTabBarController.swift */; };
		35562ECA2345E5160092A813 /* LoginViewController.swift in Sources */ = {isa = PBXBuildFile; fileRef = 35562EC62345E5160092A813 /* LoginViewController.swift */; };
		35562ECB2345E5160092A813 /* ProfileViewController.swift in Sources */ = {isa = PBXBuildFile; fileRef = 35562EC72345E5160092A813 /* ProfileViewController.swift */; };
		35562ECC2345E5160092A813 /* HomeViewController.swift in Sources */ = {isa = PBXBuildFile; fileRef = 35562EC82345E5160092A813 /* HomeViewController.swift */; };
		35562ECF234612580092A813 /* SearchViewController.swift in Sources */ = {isa = PBXBuildFile; fileRef = 35562ECE234612580092A813 /* SearchViewController.swift */; };
		35562ED1234616E70092A813 /* AskViewController.swift in Sources */ = {isa = PBXBuildFile; fileRef = 35562ED0234616E70092A813 /* AskViewController.swift */; };
		35562ED32346171F0092A813 /* NotificationViewController.swift in Sources */ = {isa = PBXBuildFile; fileRef = 35562ED22346171F0092A813 /* NotificationViewController.swift */; };
		35B72BCA235348CE00466D98 /* UserInfo.swift in Sources */ = {isa = PBXBuildFile; fileRef = 35B72BC9235348CE00466D98 /* UserInfo.swift */; };
		35EE9019234F62D0008D4FC3 /* travel.png in Resources */ = {isa = PBXBuildFile; fileRef = 35EE9018234F62D0008D4FC3 /* travel.png */; };
		35EE901D234F730F008D4FC3 /* HomeCollectionViewCell.swift in Sources */ = {isa = PBXBuildFile; fileRef = 35EE901B234F730E008D4FC3 /* HomeCollectionViewCell.swift */; };
		35EE901E234F730F008D4FC3 /* HomeCollectionViewCell.xib in Resources */ = {isa = PBXBuildFile; fileRef = 35EE901C234F730E008D4FC3 /* HomeCollectionViewCell.xib */; };
		35F4F3682345E3990006520E /* AppDelegate.swift in Sources */ = {isa = PBXBuildFile; fileRef = 35F4F3672345E3990006520E /* AppDelegate.swift */; };
		35F4F36A2345E3990006520E /* ViewController.swift in Sources */ = {isa = PBXBuildFile; fileRef = 35F4F3692345E3990006520E /* ViewController.swift */; };
		35F4F36D2345E3990006520E /* Main.storyboard in Resources */ = {isa = PBXBuildFile; fileRef = 35F4F36B2345E3990006520E /* Main.storyboard */; };
		35F4F36F2345E39A0006520E /* Assets.xcassets in Resources */ = {isa = PBXBuildFile; fileRef = 35F4F36E2345E39A0006520E /* Assets.xcassets */; };
		35F4F3722345E39A0006520E /* LaunchScreen.storyboard in Resources */ = {isa = PBXBuildFile; fileRef = 35F4F3702345E39A0006520E /* LaunchScreen.storyboard */; };
		35F9F6D8234E20DC00A2EDFA /* credentials.plist in Resources */ = {isa = PBXBuildFile; fileRef = 35F9F6D7234E20DC00A2EDFA /* credentials.plist */; };
		B70864979420B25325939A3D /* Pods_Trav_Book.framework in Frameworks */ = {isa = PBXBuildFile; fileRef = D86DF9D7C5880A59C77C80FF /* Pods_Trav_Book.framework */; };
/* End PBXBuildFile section */

/* Begin PBXFileReference section */
		3528F8CE23531D190099D39D /* AppFactory.swift */ = {isa = PBXFileReference; lastKnownFileType = sourcecode.swift; path = AppFactory.swift; sourceTree = "<group>"; };
		3528F8D1235327FA0099D39D /* User.swift */ = {isa = PBXFileReference; lastKnownFileType = sourcecode.swift; path = User.swift; sourceTree = "<group>"; };
		35562EC52345E5160092A813 /* DashbaordTabBarController.swift */ = {isa = PBXFileReference; fileEncoding = 4; lastKnownFileType = sourcecode.swift; path = DashbaordTabBarController.swift; sourceTree = "<group>"; };
		35562EC62345E5160092A813 /* LoginViewController.swift */ = {isa = PBXFileReference; fileEncoding = 4; lastKnownFileType = sourcecode.swift; path = LoginViewController.swift; sourceTree = "<group>"; };
		35562EC72345E5160092A813 /* ProfileViewController.swift */ = {isa = PBXFileReference; fileEncoding = 4; lastKnownFileType = sourcecode.swift; path = ProfileViewController.swift; sourceTree = "<group>"; };
		35562EC82345E5160092A813 /* HomeViewController.swift */ = {isa = PBXFileReference; fileEncoding = 4; lastKnownFileType = sourcecode.swift; path = HomeViewController.swift; sourceTree = "<group>"; };
		35562ECE234612580092A813 /* SearchViewController.swift */ = {isa = PBXFileReference; lastKnownFileType = sourcecode.swift; path = SearchViewController.swift; sourceTree = "<group>"; };
		35562ED0234616E70092A813 /* AskViewController.swift */ = {isa = PBXFileReference; lastKnownFileType = sourcecode.swift; path = AskViewController.swift; sourceTree = "<group>"; };
		35562ED22346171F0092A813 /* NotificationViewController.swift */ = {isa = PBXFileReference; lastKnownFileType = sourcecode.swift; path = NotificationViewController.swift; sourceTree = "<group>"; };
		35B72BC9235348CE00466D98 /* UserInfo.swift */ = {isa = PBXFileReference; lastKnownFileType = sourcecode.swift; path = UserInfo.swift; sourceTree = "<group>"; };
		35EE9018234F62D0008D4FC3 /* travel.png */ = {isa = PBXFileReference; lastKnownFileType = image.png; path = travel.png; sourceTree = "<group>"; };
		35EE901B234F730E008D4FC3 /* HomeCollectionViewCell.swift */ = {isa = PBXFileReference; lastKnownFileType = sourcecode.swift; path = HomeCollectionViewCell.swift; sourceTree = "<group>"; };
		35EE901C234F730E008D4FC3 /* HomeCollectionViewCell.xib */ = {isa = PBXFileReference; lastKnownFileType = file.xib; path = HomeCollectionViewCell.xib; sourceTree = "<group>"; };
		35F4F3642345E3990006520E /* Trav-Book.app */ = {isa = PBXFileReference; explicitFileType = wrapper.application; includeInIndex = 0; path = "Trav-Book.app"; sourceTree = BUILT_PRODUCTS_DIR; };
		35F4F3672345E3990006520E /* AppDelegate.swift */ = {isa = PBXFileReference; lastKnownFileType = sourcecode.swift; path = AppDelegate.swift; sourceTree = "<group>"; };
		35F4F3692345E3990006520E /* ViewController.swift */ = {isa = PBXFileReference; lastKnownFileType = sourcecode.swift; path = ViewController.swift; sourceTree = "<group>"; };
		35F4F36C2345E3990006520E /* Base */ = {isa = PBXFileReference; lastKnownFileType = file.storyboard; name = Base; path = Base.lproj/Main.storyboard; sourceTree = "<group>"; };
		35F4F36E2345E39A0006520E /* Assets.xcassets */ = {isa = PBXFileReference; lastKnownFileType = folder.assetcatalog; path = Assets.xcassets; sourceTree = "<group>"; };
		35F4F3712345E39A0006520E /* Base */ = {isa = PBXFileReference; lastKnownFileType = file.storyboard; name = Base; path = Base.lproj/LaunchScreen.storyboard; sourceTree = "<group>"; };
		35F4F3732345E39A0006520E /* Info.plist */ = {isa = PBXFileReference; lastKnownFileType = text.plist.xml; path = Info.plist; sourceTree = "<group>"; };
		35F9F6D7234E20DC00A2EDFA /* credentials.plist */ = {isa = PBXFileReference; fileEncoding = 4; lastKnownFileType = text.plist.xml; path = credentials.plist; sourceTree = "<group>"; };
		3F15C6A46A23642C00FB1976 /* Pods-Trav-Book.debug.xcconfig */ = {isa = PBXFileReference; includeInIndex = 1; lastKnownFileType = text.xcconfig; name = "Pods-Trav-Book.debug.xcconfig"; path = "Target Support Files/Pods-Trav-Book/Pods-Trav-Book.debug.xcconfig"; sourceTree = "<group>"; };
		C17D5D8EC92990253974479D /* Pods-Trav-Book.release.xcconfig */ = {isa = PBXFileReference; includeInIndex = 1; lastKnownFileType = text.xcconfig; name = "Pods-Trav-Book.release.xcconfig"; path = "Target Support Files/Pods-Trav-Book/Pods-Trav-Book.release.xcconfig"; sourceTree = "<group>"; };
		D86DF9D7C5880A59C77C80FF /* Pods_Trav_Book.framework */ = {isa = PBXFileReference; explicitFileType = wrapper.framework; includeInIndex = 0; path = Pods_Trav_Book.framework; sourceTree = BUILT_PRODUCTS_DIR; };
/* End PBXFileReference section */

/* Begin PBXFrameworksBuildPhase section */
		35F4F3612345E3990006520E /* Frameworks */ = {
			isa = PBXFrameworksBuildPhase;
			buildActionMask = 2147483647;
			files = (
				B70864979420B25325939A3D /* Pods_Trav_Book.framework in Frameworks */,
			);
			runOnlyForDeploymentPostprocessing = 0;
		};
/* End PBXFrameworksBuildPhase section */

/* Begin PBXGroup section */
		2341693E83D51A63A31E4AC1 /* Frameworks */ = {
			isa = PBXGroup;
			children = (
				D86DF9D7C5880A59C77C80FF /* Pods_Trav_Book.framework */,
			);
			name = Frameworks;
			sourceTree = "<group>";
		};
		3528F8D0235327ED0099D39D /* Model */ = {
			isa = PBXGroup;
			children = (
				3528F8D1235327FA0099D39D /* User.swift */,
			);
			path = Model;
			sourceTree = "<group>";
		};
		35562ECD234612360092A813 /* TabBar */ = {
			isa = PBXGroup;
			children = (
				35EE901A234F72EA008D4FC3 /* Home */,
				35562EC52345E5160092A813 /* DashbaordTabBarController.swift */,
				35562EC72345E5160092A813 /* ProfileViewController.swift */,
				35562ECE234612580092A813 /* SearchViewController.swift */,
				35562ED0234616E70092A813 /* AskViewController.swift */,
				35562ED22346171F0092A813 /* NotificationViewController.swift */,
			);
			path = TabBar;
			sourceTree = "<group>";
		};
		35EE901A234F72EA008D4FC3 /* Home */ = {
			isa = PBXGroup;
			children = (
				35562EC82345E5160092A813 /* HomeViewController.swift */,
				35EE901B234F730E008D4FC3 /* HomeCollectionViewCell.swift */,
				35EE901C234F730E008D4FC3 /* HomeCollectionViewCell.xib */,
			);
			path = Home;
			sourceTree = "<group>";
		};
		35F4F35B2345E3990006520E = {
			isa = PBXGroup;
			children = (
				35F4F3662345E3990006520E /* Trav-Book */,
				35F4F3652345E3990006520E /* Products */,
				6DD76AF26E61732FC4C49BA8 /* Pods */,
				2341693E83D51A63A31E4AC1 /* Frameworks */,
			);
			sourceTree = "<group>";
		};
		35F4F3652345E3990006520E /* Products */ = {
			isa = PBXGroup;
			children = (
				35F4F3642345E3990006520E /* Trav-Book.app */,
			);
			name = Products;
			sourceTree = "<group>";
		};
		35F4F3662345E3990006520E /* Trav-Book */ = {
			isa = PBXGroup;
			children = (
				3528F8D0235327ED0099D39D /* Model */,
				35562ECD234612360092A813 /* TabBar */,
				35562EC62345E5160092A813 /* LoginViewController.swift */,
				35F4F3672345E3990006520E /* AppDelegate.swift */,
				35F4F3692345E3990006520E /* ViewController.swift */,
				35F4F36B2345E3990006520E /* Main.storyboard */,
				35F4F36E2345E39A0006520E /* Assets.xcassets */,
				35F4F3702345E39A0006520E /* LaunchScreen.storyboard */,
				35F9F6D7234E20DC00A2EDFA /* credentials.plist */,
				35F4F3732345E39A0006520E /* Info.plist */,
				35EE9018234F62D0008D4FC3 /* travel.png */,
				3528F8CE23531D190099D39D /* AppFactory.swift */,
				35B72BC9235348CE00466D98 /* UserInfo.swift */,
			);
			path = "Trav-Book";
			sourceTree = "<group>";
		};
		6DD76AF26E61732FC4C49BA8 /* Pods */ = {
			isa = PBXGroup;
			children = (
				3F15C6A46A23642C00FB1976 /* Pods-Trav-Book.debug.xcconfig */,
				C17D5D8EC92990253974479D /* Pods-Trav-Book.release.xcconfig */,
			);
			path = Pods;
			sourceTree = "<group>";
		};
/* End PBXGroup section */

/* Begin PBXNativeTarget section */
		35F4F3632345E3990006520E /* Trav-Book */ = {
			isa = PBXNativeTarget;
			buildConfigurationList = 35F4F3762345E39A0006520E /* Build configuration list for PBXNativeTarget "Trav-Book" */;
			buildPhases = (
				2DBBC0690B9E9D23A60F3E1A /* [CP] Check Pods Manifest.lock */,
				35F4F3602345E3990006520E /* Sources */,
				35F4F3612345E3990006520E /* Frameworks */,
				35F4F3622345E3990006520E /* Resources */,
				68E7629F43BBB2FE290EF4CF /* [CP] Embed Pods Frameworks */,
				082059BC7A031863A557B4A4 /* [CP] Copy Pods Resources */,
			);
			buildRules = (
			);
			dependencies = (
			);
			name = "Trav-Book";
			productName = "Trav-Book";
			productReference = 35F4F3642345E3990006520E /* Trav-Book.app */;
			productType = "com.apple.product-type.application";
		};
/* End PBXNativeTarget section */

/* Begin PBXProject section */
		35F4F35C2345E3990006520E /* Project object */ = {
			isa = PBXProject;
			attributes = {
				LastSwiftUpdateCheck = 1030;
				LastUpgradeCheck = 1030;
				ORGANIZATIONNAME = "Mohamed Mahmoud Zaki";
				TargetAttributes = {
					35F4F3632345E3990006520E = {
						CreatedOnToolsVersion = 10.3;
					};
				};
			};
			buildConfigurationList = 35F4F35F2345E3990006520E /* Build configuration list for PBXProject "Trav-Book" */;
			compatibilityVersion = "Xcode 9.3";
			developmentRegion = en;
			hasScannedForEncodings = 0;
			knownRegions = (
				en,
				Base,
			);
			mainGroup = 35F4F35B2345E3990006520E;
			productRefGroup = 35F4F3652345E3990006520E /* Products */;
			projectDirPath = "";
			projectRoot = "";
			targets = (
				35F4F3632345E3990006520E /* Trav-Book */,
			);
		};
/* End PBXProject section */

/* Begin PBXResourcesBuildPhase section */
		35F4F3622345E3990006520E /* Resources */ = {
			isa = PBXResourcesBuildPhase;
			buildActionMask = 2147483647;
			files = (
				35F4F3722345E39A0006520E /* LaunchScreen.storyboard in Resources */,
				35F9F6D8234E20DC00A2EDFA /* credentials.plist in Resources */,
				35EE9019234F62D0008D4FC3 /* travel.png in Resources */,
				35EE901E234F730F008D4FC3 /* HomeCollectionViewCell.xib in Resources */,
				35F4F36F2345E39A0006520E /* Assets.xcassets in Resources */,
				35F4F36D2345E3990006520E /* Main.storyboard in Resources */,
			);
			runOnlyForDeploymentPostprocessing = 0;
		};
/* End PBXResourcesBuildPhase section */

/* Begin PBXShellScriptBuildPhase section */
		082059BC7A031863A557B4A4 /* [CP] Copy Pods Resources */ = {
			isa = PBXShellScriptBuildPhase;
			buildActionMask = 2147483647;
			files = (
			);
			inputFileListPaths = (
				"${PODS_ROOT}/Target Support Files/Pods-Trav-Book/Pods-Trav-Book-resources-${CONFIGURATION}-input-files.xcfilelist",
			);
			name = "[CP] Copy Pods Resources";
			outputFileListPaths = (
				"${PODS_ROOT}/Target Support Files/Pods-Trav-Book/Pods-Trav-Book-resources-${CONFIGURATION}-output-files.xcfilelist",
			);
			runOnlyForDeploymentPostprocessing = 0;
			shellPath = /bin/sh;
			shellScript = "\"${PODS_ROOT}/Target Support Files/Pods-Trav-Book/Pods-Trav-Book-resources.sh\"\n";
			showEnvVarsInLog = 0;
		};
		2DBBC0690B9E9D23A60F3E1A /* [CP] Check Pods Manifest.lock */ = {
			isa = PBXShellScriptBuildPhase;
			buildActionMask = 2147483647;
			files = (
			);
			inputFileListPaths = (
			);
			inputPaths = (
				"${PODS_PODFILE_DIR_PATH}/Podfile.lock",
				"${PODS_ROOT}/Manifest.lock",
			);
			name = "[CP] Check Pods Manifest.lock";
			outputFileListPaths = (
			);
			outputPaths = (
				"$(DERIVED_FILE_DIR)/Pods-Trav-Book-checkManifestLockResult.txt",
			);
			runOnlyForDeploymentPostprocessing = 0;
			shellPath = /bin/sh;
			shellScript = "diff \"${PODS_PODFILE_DIR_PATH}/Podfile.lock\" \"${PODS_ROOT}/Manifest.lock\" > /dev/null\nif [ $? != 0 ] ; then\n    # print error to STDERR\n    echo \"error: The sandbox is not in sync with the Podfile.lock. Run 'pod install' or update your CocoaPods installation.\" >&2\n    exit 1\nfi\n# This output is used by Xcode 'outputs' to avoid re-running this script phase.\necho \"SUCCESS\" > \"${SCRIPT_OUTPUT_FILE_0}\"\n";
			showEnvVarsInLog = 0;
		};
		68E7629F43BBB2FE290EF4CF /* [CP] Embed Pods Frameworks */ = {
			isa = PBXShellScriptBuildPhase;
			buildActionMask = 2147483647;
			files = (
			);
			inputFileListPaths = (
				"${PODS_ROOT}/Target Support Files/Pods-Trav-Book/Pods-Trav-Book-frameworks-${CONFIGURATION}-input-files.xcfilelist",
			);
			name = "[CP] Embed Pods Frameworks";
			outputFileListPaths = (
				"${PODS_ROOT}/Target Support Files/Pods-Trav-Book/Pods-Trav-Book-frameworks-${CONFIGURATION}-output-files.xcfilelist",
			);
			runOnlyForDeploymentPostprocessing = 0;
			shellPath = /bin/sh;
			shellScript = "\"${PODS_ROOT}/Target Support Files/Pods-Trav-Book/Pods-Trav-Book-frameworks.sh\"\n";
			showEnvVarsInLog = 0;
		};
/* End PBXShellScriptBuildPhase section */

/* Begin PBXSourcesBuildPhase section */
		35F4F3602345E3990006520E /* Sources */ = {
			isa = PBXSourcesBuildPhase;
			buildActionMask = 2147483647;
			files = (
				35562ED1234616E70092A813 /* AskViewController.swift in Sources */,
				3528F8CF23531D190099D39D /* AppFactory.swift in Sources */,
				35562ECA2345E5160092A813 /* LoginViewController.swift in Sources */,
				35562ECF234612580092A813 /* SearchViewController.swift in Sources */,
				35F4F36A2345E3990006520E /* ViewController.swift in Sources */,
				35562ECB2345E5160092A813 /* ProfileViewController.swift in Sources */,
				35EE901D234F730F008D4FC3 /* HomeCollectionViewCell.swift in Sources */,
				35562ED32346171F0092A813 /* NotificationViewController.swift in Sources */,
				35B72BCA235348CE00466D98 /* UserInfo.swift in Sources */,
				3528F8D2235327FA0099D39D /* User.swift in Sources */,
				35562EC92345E5160092A813 /* DashbaordTabBarController.swift in Sources */,
				35F4F3682345E3990006520E /* AppDelegate.swift in Sources */,
				35562ECC2345E5160092A813 /* HomeViewController.swift in Sources */,
			);
			runOnlyForDeploymentPostprocessing = 0;
		};
/* End PBXSourcesBuildPhase section */

/* Begin PBXVariantGroup section */
		35F4F36B2345E3990006520E /* Main.storyboard */ = {
			isa = PBXVariantGroup;
			children = (
				35F4F36C2345E3990006520E /* Base */,
			);
			name = Main.storyboard;
			sourceTree = "<group>";
		};
		35F4F3702345E39A0006520E /* LaunchScreen.storyboard */ = {
			isa = PBXVariantGroup;
			children = (
				35F4F3712345E39A0006520E /* Base */,
			);
			name = LaunchScreen.storyboard;
			sourceTree = "<group>";
		};
/* End PBXVariantGroup section */

/* Begin XCBuildConfiguration section */
		35F4F3742345E39A0006520E /* Debug */ = {
			isa = XCBuildConfiguration;
			buildSettings = {
				ALWAYS_SEARCH_USER_PATHS = NO;
				CLANG_ANALYZER_NONNULL = YES;
				CLANG_ANALYZER_NUMBER_OBJECT_CONVERSION = YES_AGGRESSIVE;
				CLANG_CXX_LANGUAGE_STANDARD = "gnu++14";
				CLANG_CXX_LIBRARY = "libc++";
				CLANG_ENABLE_MODULES = YES;
				CLANG_ENABLE_OBJC_ARC = YES;
				CLANG_ENABLE_OBJC_WEAK = YES;
				CLANG_WARN_BLOCK_CAPTURE_AUTORELEASING = YES;
				CLANG_WARN_BOOL_CONVERSION = YES;
				CLANG_WARN_COMMA = YES;
				CLANG_WARN_CONSTANT_CONVERSION = YES;
				CLANG_WARN_DEPRECATED_OBJC_IMPLEMENTATIONS = YES;
				CLANG_WARN_DIRECT_OBJC_ISA_USAGE = YES_ERROR;
				CLANG_WARN_DOCUMENTATION_COMMENTS = YES;
				CLANG_WARN_EMPTY_BODY = YES;
				CLANG_WARN_ENUM_CONVERSION = YES;
				CLANG_WARN_INFINITE_RECURSION = YES;
				CLANG_WARN_INT_CONVERSION = YES;
				CLANG_WARN_NON_LITERAL_NULL_CONVERSION = YES;
				CLANG_WARN_OBJC_IMPLICIT_RETAIN_SELF = YES;
				CLANG_WARN_OBJC_LITERAL_CONVERSION = YES;
				CLANG_WARN_OBJC_ROOT_CLASS = YES_ERROR;
				CLANG_WARN_RANGE_LOOP_ANALYSIS = YES;
				CLANG_WARN_STRICT_PROTOTYPES = YES;
				CLANG_WARN_SUSPICIOUS_MOVE = YES;
				CLANG_WARN_UNGUARDED_AVAILABILITY = YES_AGGRESSIVE;
				CLANG_WARN_UNREACHABLE_CODE = YES;
				CLANG_WARN__DUPLICATE_METHOD_MATCH = YES;
				CODE_SIGN_IDENTITY = "iPhone Developer";
				COPY_PHASE_STRIP = NO;
				DEBUG_INFORMATION_FORMAT = dwarf;
				ENABLE_STRICT_OBJC_MSGSEND = YES;
				ENABLE_TESTABILITY = YES;
				GCC_C_LANGUAGE_STANDARD = gnu11;
				GCC_DYNAMIC_NO_PIC = NO;
				GCC_NO_COMMON_BLOCKS = YES;
				GCC_OPTIMIZATION_LEVEL = 0;
				GCC_PREPROCESSOR_DEFINITIONS = (
					"DEBUG=1",
					"$(inherited)",
				);
				GCC_WARN_64_TO_32_BIT_CONVERSION = YES;
				GCC_WARN_ABOUT_RETURN_TYPE = YES_ERROR;
				GCC_WARN_UNDECLARED_SELECTOR = YES;
				GCC_WARN_UNINITIALIZED_AUTOS = YES_AGGRESSIVE;
				GCC_WARN_UNUSED_FUNCTION = YES;
				GCC_WARN_UNUSED_VARIABLE = YES;
				IPHONEOS_DEPLOYMENT_TARGET = 12.4;
				MTL_ENABLE_DEBUG_INFO = INCLUDE_SOURCE;
				MTL_FAST_MATH = YES;
				ONLY_ACTIVE_ARCH = YES;
				SDKROOT = iphoneos;
				SWIFT_ACTIVE_COMPILATION_CONDITIONS = DEBUG;
				SWIFT_OPTIMIZATION_LEVEL = "-Onone";
			};
			name = Debug;
		};
		35F4F3752345E39A0006520E /* Release */ = {
			isa = XCBuildConfiguration;
			buildSettings = {
				ALWAYS_SEARCH_USER_PATHS = NO;
				CLANG_ANALYZER_NONNULL = YES;
				CLANG_ANALYZER_NUMBER_OBJECT_CONVERSION = YES_AGGRESSIVE;
				CLANG_CXX_LANGUAGE_STANDARD = "gnu++14";
				CLANG_CXX_LIBRARY = "libc++";
				CLANG_ENABLE_MODULES = YES;
				CLANG_ENABLE_OBJC_ARC = YES;
				CLANG_ENABLE_OBJC_WEAK = YES;
				CLANG_WARN_BLOCK_CAPTURE_AUTORELEASING = YES;
				CLANG_WARN_BOOL_CONVERSION = YES;
				CLANG_WARN_COMMA = YES;
				CLANG_WARN_CONSTANT_CONVERSION = YES;
				CLANG_WARN_DEPRECATED_OBJC_IMPLEMENTATIONS = YES;
				CLANG_WARN_DIRECT_OBJC_ISA_USAGE = YES_ERROR;
				CLANG_WARN_DOCUMENTATION_COMMENTS = YES;
				CLANG_WARN_EMPTY_BODY = YES;
				CLANG_WARN_ENUM_CONVERSION = YES;
				CLANG_WARN_INFINITE_RECURSION = YES;
				CLANG_WARN_INT_CONVERSION = YES;
				CLANG_WARN_NON_LITERAL_NULL_CONVERSION = YES;
				CLANG_WARN_OBJC_IMPLICIT_RETAIN_SELF = YES;
				CLANG_WARN_OBJC_LITERAL_CONVERSION = YES;
				CLANG_WARN_OBJC_ROOT_CLASS = YES_ERROR;
				CLANG_WARN_RANGE_LOOP_ANALYSIS = YES;
				CLANG_WARN_STRICT_PROTOTYPES = YES;
				CLANG_WARN_SUSPICIOUS_MOVE = YES;
				CLANG_WARN_UNGUARDED_AVAILABILITY = YES_AGGRESSIVE;
				CLANG_WARN_UNREACHABLE_CODE = YES;
				CLANG_WARN__DUPLICATE_METHOD_MATCH = YES;
				CODE_SIGN_IDENTITY = "iPhone Developer";
				COPY_PHASE_STRIP = NO;
				DEBUG_INFORMATION_FORMAT = "dwarf-with-dsym";
				ENABLE_NS_ASSERTIONS = NO;
				ENABLE_STRICT_OBJC_MSGSEND = YES;
				GCC_C_LANGUAGE_STANDARD = gnu11;
				GCC_NO_COMMON_BLOCKS = YES;
				GCC_WARN_64_TO_32_BIT_CONVERSION = YES;
				GCC_WARN_ABOUT_RETURN_TYPE = YES_ERROR;
				GCC_WARN_UNDECLARED_SELECTOR = YES;
				GCC_WARN_UNINITIALIZED_AUTOS = YES_AGGRESSIVE;
				GCC_WARN_UNUSED_FUNCTION = YES;
				GCC_WARN_UNUSED_VARIABLE = YES;
				IPHONEOS_DEPLOYMENT_TARGET = 12.4;
				MTL_ENABLE_DEBUG_INFO = NO;
				MTL_FAST_MATH = YES;
				SDKROOT = iphoneos;
				SWIFT_COMPILATION_MODE = wholemodule;
				SWIFT_OPTIMIZATION_LEVEL = "-O";
				VALIDATE_PRODUCT = YES;
			};
			name = Release;
		};
		35F4F3772345E39A0006520E /* Debug */ = {
			isa = XCBuildConfiguration;
			baseConfigurationReference = 3F15C6A46A23642C00FB1976 /* Pods-Trav-Book.debug.xcconfig */;
			buildSettings = {
				ASSETCATALOG_COMPILER_APPICON_NAME = AppIcon;
				CODE_SIGN_STYLE = Automatic;
				INFOPLIST_FILE = "Trav-Book/Info.plist";
				LD_RUNPATH_SEARCH_PATHS = (
					"$(inherited)",
					"@executable_path/Frameworks",
				);
				PRODUCT_BUNDLE_IDENTIFIER = "Zaki.Trav-Book";
				PRODUCT_NAME = "$(TARGET_NAME)";
				SWIFT_VERSION = 5.0;
				TARGETED_DEVICE_FAMILY = "1,2";
			};
			name = Debug;
		};
		35F4F3782345E39A0006520E /* Release */ = {
			isa = XCBuildConfiguration;
			baseConfigurationReference = C17D5D8EC92990253974479D /* Pods-Trav-Book.release.xcconfig */;
			buildSettings = {
				ASSETCATALOG_COMPILER_APPICON_NAME = AppIcon;
				CODE_SIGN_STYLE = Automatic;
				INFOPLIST_FILE = "Trav-Book/Info.plist";
				LD_RUNPATH_SEARCH_PATHS = (
					"$(inherited)",
					"@executable_path/Frameworks",
				);
				PRODUCT_BUNDLE_IDENTIFIER = "Zaki.Trav-Book";
				PRODUCT_NAME = "$(TARGET_NAME)";
				SWIFT_VERSION = 5.0;
				TARGETED_DEVICE_FAMILY = "1,2";
			};
			name = Release;
		};
/* End XCBuildConfiguration section */

/* Begin XCConfigurationList section */
		35F4F35F2345E3990006520E /* Build configuration list for PBXProject "Trav-Book" */ = {
			isa = XCConfigurationList;
			buildConfigurations = (
				35F4F3742345E39A0006520E /* Debug */,
				35F4F3752345E39A0006520E /* Release */,
			);
			defaultConfigurationIsVisible = 0;
			defaultConfigurationName = Release;
		};
		35F4F3762345E39A0006520E /* Build configuration list for PBXNativeTarget "Trav-Book" */ = {
			isa = XCConfigurationList;
			buildConfigurations = (
				35F4F3772345E39A0006520E /* Debug */,
				35F4F3782345E39A0006520E /* Release */,
			);
			defaultConfigurationIsVisible = 0;
			defaultConfigurationName = Release;
		};
/* End XCConfigurationList section */
	};
	rootObject = 35F4F35C2345E3990006520E /* Project object */;
}
