// !$*UTF8*$!
{
	archiveVersion = 1;
	classes = {
	};
	objectVersion = 50;
	objects = {

/* Begin PBXBuildFile section */
		353B89AB24F136C20069F664 /* DashboardView.swift in Sources */ = {isa = PBXBuildFile; fileRef = 353B89AA24F136C20069F664 /* DashboardView.swift */; };
		354022C324EFDD7300F69187 /* AppDelegate.swift in Sources */ = {isa = PBXBuildFile; fileRef = 354022C224EFDD7300F69187 /* AppDelegate.swift */; };
		354022C524EFDD7300F69187 /* SceneDelegate.swift in Sources */ = {isa = PBXBuildFile; fileRef = 354022C424EFDD7300F69187 /* SceneDelegate.swift */; };
		354022C824EFDD7300F69187 /* Trav_Book.xcdatamodeld in Sources */ = {isa = PBXBuildFile; fileRef = 354022C624EFDD7300F69187 /* Trav_Book.xcdatamodeld */; };
		354022CA24EFDD7300F69187 /* ContentView.swift in Sources */ = {isa = PBXBuildFile; fileRef = 354022C924EFDD7300F69187 /* ContentView.swift */; };
		354022CC24EFDD7600F69187 /* Assets.xcassets in Resources */ = {isa = PBXBuildFile; fileRef = 354022CB24EFDD7600F69187 /* Assets.xcassets */; };
		354022CF24EFDD7600F69187 /* Preview Assets.xcassets in Resources */ = {isa = PBXBuildFile; fileRef = 354022CE24EFDD7600F69187 /* Preview Assets.xcassets */; };
		354022D224EFDD7600F69187 /* LaunchScreen.storyboard in Resources */ = {isa = PBXBuildFile; fileRef = 354022D024EFDD7600F69187 /* LaunchScreen.storyboard */; };
		354022DD24EFDD7600F69187 /* Trav_BookTests.swift in Sources */ = {isa = PBXBuildFile; fileRef = 354022DC24EFDD7600F69187 /* Trav_BookTests.swift */; };
		35419D4924EFDDBE00A1A5F8 /* LoginView.swift in Sources */ = {isa = PBXBuildFile; fileRef = 35419D4824EFDDBE00A1A5F8 /* LoginView.swift */; };
/* End PBXBuildFile section */

/* Begin PBXContainerItemProxy section */
		354022D924EFDD7600F69187 /* PBXContainerItemProxy */ = {
			isa = PBXContainerItemProxy;
			containerPortal = 354022B724EFDD7300F69187 /* Project object */;
			proxyType = 1;
			remoteGlobalIDString = 354022BE24EFDD7300F69187;
			remoteInfo = "Trav-Book";
		};
/* End PBXContainerItemProxy section */

/* Begin PBXFileReference section */
		353B89AA24F136C20069F664 /* DashboardView.swift */ = {isa = PBXFileReference; lastKnownFileType = sourcecode.swift; path = DashboardView.swift; sourceTree = "<group>"; };
		354022BF24EFDD7300F69187 /* Trav-Book.app */ = {isa = PBXFileReference; explicitFileType = wrapper.application; includeInIndex = 0; path = "Trav-Book.app"; sourceTree = BUILT_PRODUCTS_DIR; };
		354022C224EFDD7300F69187 /* AppDelegate.swift */ = {isa = PBXFileReference; lastKnownFileType = sourcecode.swift; path = AppDelegate.swift; sourceTree = "<group>"; };
		354022C424EFDD7300F69187 /* SceneDelegate.swift */ = {isa = PBXFileReference; lastKnownFileType = sourcecode.swift; path = SceneDelegate.swift; sourceTree = "<group>"; };
		354022C724EFDD7300F69187 /* Trav_Book.xcdatamodel */ = {isa = PBXFileReference; lastKnownFileType = wrapper.xcdatamodel; path = Trav_Book.xcdatamodel; sourceTree = "<group>"; };
		354022C924EFDD7300F69187 /* ContentView.swift */ = {isa = PBXFileReference; lastKnownFileType = sourcecode.swift; path = ContentView.swift; sourceTree = "<group>"; };
		354022CB24EFDD7600F69187 /* Assets.xcassets */ = {isa = PBXFileReference; lastKnownFileType = folder.assetcatalog; path = Assets.xcassets; sourceTree = "<group>"; };
		354022CE24EFDD7600F69187 /* Preview Assets.xcassets */ = {isa = PBXFileReference; lastKnownFileType = folder.assetcatalog; path = "Preview Assets.xcassets"; sourceTree = "<group>"; };
		354022D124EFDD7600F69187 /* Base */ = {isa = PBXFileReference; lastKnownFileType = file.storyboard; name = Base; path = Base.lproj/LaunchScreen.storyboard; sourceTree = "<group>"; };
		354022D324EFDD7600F69187 /* Info.plist */ = {isa = PBXFileReference; lastKnownFileType = text.plist.xml; path = Info.plist; sourceTree = "<group>"; };
		354022D824EFDD7600F69187 /* Trav-BookTests.xctest */ = {isa = PBXFileReference; explicitFileType = wrapper.cfbundle; includeInIndex = 0; path = "Trav-BookTests.xctest"; sourceTree = BUILT_PRODUCTS_DIR; };
		354022DC24EFDD7600F69187 /* Trav_BookTests.swift */ = {isa = PBXFileReference; lastKnownFileType = sourcecode.swift; path = Trav_BookTests.swift; sourceTree = "<group>"; };
		354022DE24EFDD7600F69187 /* Info.plist */ = {isa = PBXFileReference; lastKnownFileType = text.plist.xml; path = Info.plist; sourceTree = "<group>"; };
		35419D4824EFDDBE00A1A5F8 /* LoginView.swift */ = {isa = PBXFileReference; lastKnownFileType = sourcecode.swift; path = LoginView.swift; sourceTree = "<group>"; };
/* End PBXFileReference section */

/* Begin PBXFrameworksBuildPhase section */
		354022BC24EFDD7300F69187 /* Frameworks */ = {
			isa = PBXFrameworksBuildPhase;
			buildActionMask = 2147483647;
			files = (
			);
			runOnlyForDeploymentPostprocessing = 0;
		};
		354022D524EFDD7600F69187 /* Frameworks */ = {
			isa = PBXFrameworksBuildPhase;
			buildActionMask = 2147483647;
			files = (
			);
			runOnlyForDeploymentPostprocessing = 0;
		};
/* End PBXFrameworksBuildPhase section */

/* Begin PBXGroup section */
		354022B624EFDD7300F69187 = {
			isa = PBXGroup;
			children = (
				354022C124EFDD7300F69187 /* Trav-Book */,
				354022DB24EFDD7600F69187 /* Trav-BookTests */,
				354022C024EFDD7300F69187 /* Products */,
			);
			sourceTree = "<group>";
		};
		354022C024EFDD7300F69187 /* Products */ = {
			isa = PBXGroup;
			children = (
				354022BF24EFDD7300F69187 /* Trav-Book.app */,
				354022D824EFDD7600F69187 /* Trav-BookTests.xctest */,
			);
			name = Products;
			sourceTree = "<group>";
		};
		354022C124EFDD7300F69187 /* Trav-Book */ = {
			isa = PBXGroup;
			children = (
				354022C224EFDD7300F69187 /* AppDelegate.swift */,
				354022C424EFDD7300F69187 /* SceneDelegate.swift */,
				354022C924EFDD7300F69187 /* ContentView.swift */,
				35419D4824EFDDBE00A1A5F8 /* LoginView.swift */,
				353B89AA24F136C20069F664 /* DashboardView.swift */,
				354022CB24EFDD7600F69187 /* Assets.xcassets */,
				354022D024EFDD7600F69187 /* LaunchScreen.storyboard */,
				354022D324EFDD7600F69187 /* Info.plist */,
				354022C624EFDD7300F69187 /* Trav_Book.xcdatamodeld */,
				354022CD24EFDD7600F69187 /* Preview Content */,
			);
			path = "Trav-Book";
			sourceTree = "<group>";
		};
		354022CD24EFDD7600F69187 /* Preview Content */ = {
			isa = PBXGroup;
			children = (
				354022CE24EFDD7600F69187 /* Preview Assets.xcassets */,
			);
			path = "Preview Content";
			sourceTree = "<group>";
		};
		354022DB24EFDD7600F69187 /* Trav-BookTests */ = {
			isa = PBXGroup;
			children = (
				354022DC24EFDD7600F69187 /* Trav_BookTests.swift */,
				354022DE24EFDD7600F69187 /* Info.plist */,
			);
			path = "Trav-BookTests";
			sourceTree = "<group>";
		};
/* End PBXGroup section */

/* Begin PBXNativeTarget section */
		354022BE24EFDD7300F69187 /* Trav-Book */ = {
			isa = PBXNativeTarget;
			buildConfigurationList = 354022E124EFDD7600F69187 /* Build configuration list for PBXNativeTarget "Trav-Book" */;
			buildPhases = (
				354022BB24EFDD7300F69187 /* Sources */,
				354022BC24EFDD7300F69187 /* Frameworks */,
				354022BD24EFDD7300F69187 /* Resources */,
			);
			buildRules = (
			);
			dependencies = (
			);
			name = "Trav-Book";
			productName = "Trav-Book";
			productReference = 354022BF24EFDD7300F69187 /* Trav-Book.app */;
			productType = "com.apple.product-type.application";
		};
		354022D724EFDD7600F69187 /* Trav-BookTests */ = {
			isa = PBXNativeTarget;
			buildConfigurationList = 354022E424EFDD7600F69187 /* Build configuration list for PBXNativeTarget "Trav-BookTests" */;
			buildPhases = (
				354022D424EFDD7600F69187 /* Sources */,
				354022D524EFDD7600F69187 /* Frameworks */,
				354022D624EFDD7600F69187 /* Resources */,
			);
			buildRules = (
			);
			dependencies = (
				354022DA24EFDD7600F69187 /* PBXTargetDependency */,
			);
			name = "Trav-BookTests";
			productName = "Trav-BookTests";
			productReference = 354022D824EFDD7600F69187 /* Trav-BookTests.xctest */;
			productType = "com.apple.product-type.bundle.unit-test";
		};
/* End PBXNativeTarget section */

/* Begin PBXProject section */
		354022B724EFDD7300F69187 /* Project object */ = {
			isa = PBXProject;
			attributes = {
				LastSwiftUpdateCheck = 1120;
				LastUpgradeCheck = 1120;
				ORGANIZATIONNAME = "Mohamed Mahmoud Zaki";
				TargetAttributes = {
					354022BE24EFDD7300F69187 = {
						CreatedOnToolsVersion = 11.2.1;
					};
					354022D724EFDD7600F69187 = {
						CreatedOnToolsVersion = 11.2.1;
						TestTargetID = 354022BE24EFDD7300F69187;
					};
				};
			};
			buildConfigurationList = 354022BA24EFDD7300F69187 /* Build configuration list for PBXProject "Trav-Book" */;
			compatibilityVersion = "Xcode 9.3";
			developmentRegion = en;
			hasScannedForEncodings = 0;
			knownRegions = (
				en,
				Base,
			);
			mainGroup = 354022B624EFDD7300F69187;
			productRefGroup = 354022C024EFDD7300F69187 /* Products */;
			projectDirPath = "";
			projectRoot = "";
			targets = (
				354022BE24EFDD7300F69187 /* Trav-Book */,
				354022D724EFDD7600F69187 /* Trav-BookTests */,
			);
		};
/* End PBXProject section */

/* Begin PBXResourcesBuildPhase section */
		354022BD24EFDD7300F69187 /* Resources */ = {
			isa = PBXResourcesBuildPhase;
			buildActionMask = 2147483647;
			files = (
				354022D224EFDD7600F69187 /* LaunchScreen.storyboard in Resources */,
				354022CF24EFDD7600F69187 /* Preview Assets.xcassets in Resources */,
				354022CC24EFDD7600F69187 /* Assets.xcassets in Resources */,
			);
			runOnlyForDeploymentPostprocessing = 0;
		};
		354022D624EFDD7600F69187 /* Resources */ = {
			isa = PBXResourcesBuildPhase;
			buildActionMask = 2147483647;
			files = (
			);
			runOnlyForDeploymentPostprocessing = 0;
		};
/* End PBXResourcesBuildPhase section */

/* Begin PBXSourcesBuildPhase section */
		354022BB24EFDD7300F69187 /* Sources */ = {
			isa = PBXSourcesBuildPhase;
			buildActionMask = 2147483647;
			files = (
				354022C324EFDD7300F69187 /* AppDelegate.swift in Sources */,
				353B89AB24F136C20069F664 /* DashboardView.swift in Sources */,
				354022C824EFDD7300F69187 /* Trav_Book.xcdatamodeld in Sources */,
				354022CA24EFDD7300F69187 /* ContentView.swift in Sources */,
				35419D4924EFDDBE00A1A5F8 /* LoginView.swift in Sources */,
				354022C524EFDD7300F69187 /* SceneDelegate.swift in Sources */,
			);
			runOnlyForDeploymentPostprocessing = 0;
		};
		354022D424EFDD7600F69187 /* Sources */ = {
			isa = PBXSourcesBuildPhase;
			buildActionMask = 2147483647;
			files = (
				354022DD24EFDD7600F69187 /* Trav_BookTests.swift in Sources */,
			);
			runOnlyForDeploymentPostprocessing = 0;
		};
/* End PBXSourcesBuildPhase section */

/* Begin PBXTargetDependency section */
		354022DA24EFDD7600F69187 /* PBXTargetDependency */ = {
			isa = PBXTargetDependency;
			target = 354022BE24EFDD7300F69187 /* Trav-Book */;
			targetProxy = 354022D924EFDD7600F69187 /* PBXContainerItemProxy */;
		};
/* End PBXTargetDependency section */

/* Begin PBXVariantGroup section */
		354022D024EFDD7600F69187 /* LaunchScreen.storyboard */ = {
			isa = PBXVariantGroup;
			children = (
				354022D124EFDD7600F69187 /* Base */,
			);
			name = LaunchScreen.storyboard;
			sourceTree = "<group>";
		};
/* End PBXVariantGroup section */

/* Begin XCBuildConfiguration section */
		354022DF24EFDD7600F69187 /* Debug */ = {
			isa = XCBuildConfiguration;
			buildSettings = {
				ALWAYS_SEARCH_USER_PATHS = NO;
				CLANG_ANALYZER_NONNULL = YES;
				CLANG_ANALYZER_NUMBER_OBJECT_CONVERSION = YES_AGGRESSIVE;
				CLANG_CXX_LANGUAGE_STANDARD = "gnu++14";
				CLANG_CXX_LIBRARY = "libc++";
				CLANG_ENABLE_MODULES = YES;
				CLANG_ENABLE_OBJC_ARC = YES;
				CLANG_ENABLE_OBJC_WEAK = YES;
				CLANG_WARN_BLOCK_CAPTURE_AUTORELEASING = YES;
				CLANG_WARN_BOOL_CONVERSION = YES;
				CLANG_WARN_COMMA = YES;
				CLANG_WARN_CONSTANT_CONVERSION = YES;
				CLANG_WARN_DEPRECATED_OBJC_IMPLEMENTATIONS = YES;
				CLANG_WARN_DIRECT_OBJC_ISA_USAGE = YES_ERROR;
				CLANG_WARN_DOCUMENTATION_COMMENTS = YES;
				CLANG_WARN_EMPTY_BODY = YES;
				CLANG_WARN_ENUM_CONVERSION = YES;
				CLANG_WARN_INFINITE_RECURSION = YES;
				CLANG_WARN_INT_CONVERSION = YES;
				CLANG_WARN_NON_LITERAL_NULL_CONVERSION = YES;
				CLANG_WARN_OBJC_IMPLICIT_RETAIN_SELF = YES;
				CLANG_WARN_OBJC_LITERAL_CONVERSION = YES;
				CLANG_WARN_OBJC_ROOT_CLASS = YES_ERROR;
				CLANG_WARN_RANGE_LOOP_ANALYSIS = YES;
				CLANG_WARN_STRICT_PROTOTYPES = YES;
				CLANG_WARN_SUSPICIOUS_MOVE = YES;
				CLANG_WARN_UNGUARDED_AVAILABILITY = YES_AGGRESSIVE;
				CLANG_WARN_UNREACHABLE_CODE = YES;
				CLANG_WARN__DUPLICATE_METHOD_MATCH = YES;
				COPY_PHASE_STRIP = NO;
				DEBUG_INFORMATION_FORMAT = dwarf;
				ENABLE_STRICT_OBJC_MSGSEND = YES;
				ENABLE_TESTABILITY = YES;
				GCC_C_LANGUAGE_STANDARD = gnu11;
				GCC_DYNAMIC_NO_PIC = NO;
				GCC_NO_COMMON_BLOCKS = YES;
				GCC_OPTIMIZATION_LEVEL = 0;
				GCC_PREPROCESSOR_DEFINITIONS = (
					"DEBUG=1",
					"$(inherited)",
				);
				GCC_WARN_64_TO_32_BIT_CONVERSION = YES;
				GCC_WARN_ABOUT_RETURN_TYPE = YES_ERROR;
				GCC_WARN_UNDECLARED_SELECTOR = YES;
				GCC_WARN_UNINITIALIZED_AUTOS = YES_AGGRESSIVE;
				GCC_WARN_UNUSED_FUNCTION = YES;
				GCC_WARN_UNUSED_VARIABLE = YES;
				IPHONEOS_DEPLOYMENT_TARGET = 13.2;
				MTL_ENABLE_DEBUG_INFO = INCLUDE_SOURCE;
				MTL_FAST_MATH = YES;
				ONLY_ACTIVE_ARCH = YES;
				SDKROOT = iphoneos;
				SWIFT_ACTIVE_COMPILATION_CONDITIONS = DEBUG;
				SWIFT_OPTIMIZATION_LEVEL = "-Onone";
			};
			name = Debug;
		};
		354022E024EFDD7600F69187 /* Release */ = {
			isa = XCBuildConfiguration;
			buildSettings = {
				ALWAYS_SEARCH_USER_PATHS = NO;
				CLANG_ANALYZER_NONNULL = YES;
				CLANG_ANALYZER_NUMBER_OBJECT_CONVERSION = YES_AGGRESSIVE;
				CLANG_CXX_LANGUAGE_STANDARD = "gnu++14";
				CLANG_CXX_LIBRARY = "libc++";
				CLANG_ENABLE_MODULES = YES;
				CLANG_ENABLE_OBJC_ARC = YES;
				CLANG_ENABLE_OBJC_WEAK = YES;
				CLANG_WARN_BLOCK_CAPTURE_AUTORELEASING = YES;
				CLANG_WARN_BOOL_CONVERSION = YES;
				CLANG_WARN_COMMA = YES;
				CLANG_WARN_CONSTANT_CONVERSION = YES;
				CLANG_WARN_DEPRECATED_OBJC_IMPLEMENTATIONS = YES;
				CLANG_WARN_DIRECT_OBJC_ISA_USAGE = YES_ERROR;
				CLANG_WARN_DOCUMENTATION_COMMENTS = YES;
				CLANG_WARN_EMPTY_BODY = YES;
				CLANG_WARN_ENUM_CONVERSION = YES;
				CLANG_WARN_INFINITE_RECURSION = YES;
				CLANG_WARN_INT_CONVERSION = YES;
				CLANG_WARN_NON_LITERAL_NULL_CONVERSION = YES;
				CLANG_WARN_OBJC_IMPLICIT_RETAIN_SELF = YES;
				CLANG_WARN_OBJC_LITERAL_CONVERSION = YES;
				CLANG_WARN_OBJC_ROOT_CLASS = YES_ERROR;
				CLANG_WARN_RANGE_LOOP_ANALYSIS = YES;
				CLANG_WARN_STRICT_PROTOTYPES = YES;
				CLANG_WARN_SUSPICIOUS_MOVE = YES;
				CLANG_WARN_UNGUARDED_AVAILABILITY = YES_AGGRESSIVE;
				CLANG_WARN_UNREACHABLE_CODE = YES;
				CLANG_WARN__DUPLICATE_METHOD_MATCH = YES;
				COPY_PHASE_STRIP = NO;
				DEBUG_INFORMATION_FORMAT = "dwarf-with-dsym";
				ENABLE_NS_ASSERTIONS = NO;
				ENABLE_STRICT_OBJC_MSGSEND = YES;
				GCC_C_LANGUAGE_STANDARD = gnu11;
				GCC_NO_COMMON_BLOCKS = YES;
				GCC_WARN_64_TO_32_BIT_CONVERSION = YES;
				GCC_WARN_ABOUT_RETURN_TYPE = YES_ERROR;
				GCC_WARN_UNDECLARED_SELECTOR = YES;
				GCC_WARN_UNINITIALIZED_AUTOS = YES_AGGRESSIVE;
				GCC_WARN_UNUSED_FUNCTION = YES;
				GCC_WARN_UNUSED_VARIABLE = YES;
				IPHONEOS_DEPLOYMENT_TARGET = 13.2;
				MTL_ENABLE_DEBUG_INFO = NO;
				MTL_FAST_MATH = YES;
				SDKROOT = iphoneos;
				SWIFT_COMPILATION_MODE = wholemodule;
				SWIFT_OPTIMIZATION_LEVEL = "-O";
				VALIDATE_PRODUCT = YES;
			};
			name = Release;
		};
		354022E224EFDD7600F69187 /* Debug */ = {
			isa = XCBuildConfiguration;
			buildSettings = {
				ASSETCATALOG_COMPILER_APPICON_NAME = AppIcon;
				CODE_SIGN_STYLE = Automatic;
				DEVELOPMENT_ASSET_PATHS = "\"Trav-Book/Preview Content\"";
				DEVELOPMENT_TEAM = 8S49K8U3C3;
				ENABLE_PREVIEWS = YES;
				INFOPLIST_FILE = "Trav-Book/Info.plist";
				LD_RUNPATH_SEARCH_PATHS = (
					"$(inherited)",
					"@executable_path/Frameworks",
				);
				PRODUCT_BUNDLE_IDENTIFIER = "Zaki.Trav-Book";
				PRODUCT_NAME = "$(TARGET_NAME)";
				SWIFT_VERSION = 5.0;
				TARGETED_DEVICE_FAMILY = "1,2";
			};
			name = Debug;
		};
		354022E324EFDD7600F69187 /* Release */ = {
			isa = XCBuildConfiguration;
			buildSettings = {
				ASSETCATALOG_COMPILER_APPICON_NAME = AppIcon;
				CODE_SIGN_STYLE = Automatic;
				DEVELOPMENT_ASSET_PATHS = "\"Trav-Book/Preview Content\"";
				DEVELOPMENT_TEAM = 8S49K8U3C3;
				ENABLE_PREVIEWS = YES;
				INFOPLIST_FILE = "Trav-Book/Info.plist";
				LD_RUNPATH_SEARCH_PATHS = (
					"$(inherited)",
					"@executable_path/Frameworks",
				);
				PRODUCT_BUNDLE_IDENTIFIER = "Zaki.Trav-Book";
				PRODUCT_NAME = "$(TARGET_NAME)";
				SWIFT_VERSION = 5.0;
				TARGETED_DEVICE_FAMILY = "1,2";
			};
			name = Release;
		};
		354022E524EFDD7600F69187 /* Debug */ = {
			isa = XCBuildConfiguration;
			buildSettings = {
				ALWAYS_EMBED_SWIFT_STANDARD_LIBRARIES = YES;
				BUNDLE_LOADER = "$(TEST_HOST)";
				CODE_SIGN_STYLE = Automatic;
				DEVELOPMENT_TEAM = 8S49K8U3C3;
				INFOPLIST_FILE = "Trav-BookTests/Info.plist";
				IPHONEOS_DEPLOYMENT_TARGET = 13.2;
				LD_RUNPATH_SEARCH_PATHS = (
					"$(inherited)",
					"@executable_path/Frameworks",
					"@loader_path/Frameworks",
				);
				PRODUCT_BUNDLE_IDENTIFIER = "Zaki.Trav-BookTests";
				PRODUCT_NAME = "$(TARGET_NAME)";
				SWIFT_VERSION = 5.0;
				TARGETED_DEVICE_FAMILY = "1,2";
				TEST_HOST = "$(BUILT_PRODUCTS_DIR)/Trav-Book.app/Trav-Book";
			};
			name = Debug;
		};
		354022E624EFDD7600F69187 /* Release */ = {
			isa = XCBuildConfiguration;
			buildSettings = {
				ALWAYS_EMBED_SWIFT_STANDARD_LIBRARIES = YES;
				BUNDLE_LOADER = "$(TEST_HOST)";
				CODE_SIGN_STYLE = Automatic;
				DEVELOPMENT_TEAM = 8S49K8U3C3;
				INFOPLIST_FILE = "Trav-BookTests/Info.plist";
				IPHONEOS_DEPLOYMENT_TARGET = 13.2;
				LD_RUNPATH_SEARCH_PATHS = (
					"$(inherited)",
					"@executable_path/Frameworks",
					"@loader_path/Frameworks",
				);
				PRODUCT_BUNDLE_IDENTIFIER = "Zaki.Trav-BookTests";
				PRODUCT_NAME = "$(TARGET_NAME)";
				SWIFT_VERSION = 5.0;
				TARGETED_DEVICE_FAMILY = "1,2";
				TEST_HOST = "$(BUILT_PRODUCTS_DIR)/Trav-Book.app/Trav-Book";
			};
			name = Release;
		};
/* End XCBuildConfiguration section */

/* Begin XCConfigurationList section */
		354022BA24EFDD7300F69187 /* Build configuration list for PBXProject "Trav-Book" */ = {
			isa = XCConfigurationList;
			buildConfigurations = (
				354022DF24EFDD7600F69187 /* Debug */,
				354022E024EFDD7600F69187 /* Release */,
			);
			defaultConfigurationIsVisible = 0;
			defaultConfigurationName = Release;
		};
		354022E124EFDD7600F69187 /* Build configuration list for PBXNativeTarget "Trav-Book" */ = {
			isa = XCConfigurationList;
			buildConfigurations = (
				354022E224EFDD7600F69187 /* Debug */,
				354022E324EFDD7600F69187 /* Release */,
			);
			defaultConfigurationIsVisible = 0;
			defaultConfigurationName = Release;
		};
		354022E424EFDD7600F69187 /* Build configuration list for PBXNativeTarget "Trav-BookTests" */ = {
			isa = XCConfigurationList;
			buildConfigurations = (
				354022E524EFDD7600F69187 /* Debug */,
				354022E624EFDD7600F69187 /* Release */,
			);
			defaultConfigurationIsVisible = 0;
			defaultConfigurationName = Release;
		};
/* End XCConfigurationList section */

/* Begin XCVersionGroup section */
		354022C624EFDD7300F69187 /* Trav_Book.xcdatamodeld */ = {
			isa = XCVersionGroup;
			children = (
				354022C724EFDD7300F69187 /* Trav_Book.xcdatamodel */,
			);
			currentVersion = 354022C724EFDD7300F69187 /* Trav_Book.xcdatamodel */;
			path = Trav_Book.xcdatamodeld;
			sourceTree = "<group>";
			versionGroupType = wrapper.xcdatamodel;
		};
/* End XCVersionGroup section */
	};
	rootObject = 354022B724EFDD7300F69187 /* Project object */;
}
